Microsoft Visual Studio Solution File, Format Version 12.00
# Visual Studio Version 17
VisualStudioVersion = 17.3.32804.467
MinimumVisualStudioVersion = 10.0.40219.1
Project("{2150E333-8FDC-42A3-9474-1A3956D46DE8}") = "src", "src", "{DFF0464B-5402-4DD6-86F5-2AEC1163B232}"
EndProject
Project("{2150E333-8FDC-42A3-9474-1A3956D46DE8}") = "test", "test", "{1E6B9E8D-D5C1-4AD7-89F9-7179FEFD7C01}"
EndProject
Project("{2150E333-8FDC-42A3-9474-1A3956D46DE8}") = "aspnet-core-demo", "aspnet-core-demo", "{1C5D3B56-8C59-4ABC-8E66-CBE971633FA7}"
EndProject
Project("{9A19103F-16F7-4668-BE54-9A1E7A4F7556}") = "Abp", "src\Abp\Abp.csproj", "{486C8629-0E65-47E9-9BA4-8180E682C1F8}"
EndProject
Project("{9A19103F-16F7-4668-BE54-9A1E7A4F7556}") = "Abp.Tests", "test\Abp.Tests\Abp.Tests.csproj", "{D15AE572-FE92-4307-8262-37A3CA276B8F}"
EndProject
Project("{9A19103F-16F7-4668-BE54-9A1E7A4F7556}") = "Abp.AutoMapper", "src\Abp.AutoMapper\Abp.AutoMapper.csproj", "{D792EF2A-63EB-460B-8FB7-8D6DDDAB4604}"
EndProject
Project("{9A19103F-16F7-4668-BE54-9A1E7A4F7556}") = "Abp.AutoMapper.Tests", "test\Abp.AutoMapper.Tests\Abp.AutoMapper.Tests.csproj", "{A634FA1F-CF60-4B61-93CF-464D0F42E795}"
EndProject
Project("{9A19103F-16F7-4668-BE54-9A1E7A4F7556}") = "Abp.EntityFramework", "src\Abp.EntityFramework\Abp.EntityFramework.csproj", "{51C56751-CEDC-40BE-86AD-A2A1A6A1A806}"
EndProject
Project("{9A19103F-16F7-4668-BE54-9A1E7A4F7556}") = "Abp.FluentMigrator", "src\Abp.FluentMigrator\Abp.FluentMigrator.csproj", "{CE407E98-8E1F-49A0-8ADE-D25F4D47B875}"
EndProject
Project("{9A19103F-16F7-4668-BE54-9A1E7A4F7556}") = "Abp.HangFire", "src\Abp.HangFire\Abp.HangFire.csproj", "{BDF77DF1-C10B-4358-9BAA-22860DC7A0A9}"
EndProject
Project("{9A19103F-16F7-4668-BE54-9A1E7A4F7556}") = "Abp.MemoryDb", "src\Abp.MemoryDb\Abp.MemoryDb.csproj", "{DE0847EF-92D0-402F-8223-500AEE136ECD}"
EndProject
Project("{9A19103F-16F7-4668-BE54-9A1E7A4F7556}") = "Abp.MemoryDb.Tests", "test\Abp.MemoryDb.Tests\Abp.MemoryDb.Tests.csproj", "{221C96FA-49F3-456E-AA6A-53BB22956578}"
EndProject
Project("{9A19103F-16F7-4668-BE54-9A1E7A4F7556}") = "Abp.MongoDB", "src\Abp.MongoDB\Abp.MongoDB.csproj", "{B8978FDF-E9A9-42D0-9234-32C8BA0411A9}"
EndProject
Project("{9A19103F-16F7-4668-BE54-9A1E7A4F7556}") = "Abp.NHibernate", "src\Abp.NHibernate\Abp.NHibernate.csproj", "{0570DCCD-B666-42F3-9AA4-9F1394E6C904}"
EndProject
Project("{9A19103F-16F7-4668-BE54-9A1E7A4F7556}") = "Abp.TestBase", "src\Abp.TestBase\Abp.TestBase.csproj", "{BCA80B2B-871B-4A6F-B719-5FF6017BC572}"
EndProject
Project("{9A19103F-16F7-4668-BE54-9A1E7A4F7556}") = "Abp.TestBase.Tests", "test\Abp.TestBase.Tests\Abp.TestBase.Tests.csproj", "{32041945-7035-410D-A1D5-E5779122114A}"
EndProject
Project("{9A19103F-16F7-4668-BE54-9A1E7A4F7556}") = "Abp.RedisCache", "src\Abp.RedisCache\Abp.RedisCache.csproj", "{0DBA5587-9ECE-4E86-B798-FCF28A130A0F}"
EndProject
Project("{9A19103F-16F7-4668-BE54-9A1E7A4F7556}") = "Abp.RedisCache.Tests", "test\Abp.RedisCache.Tests\Abp.RedisCache.Tests.csproj", "{0B306A5A-FCEC-4E0B-A800-ECC9F94FFDC9}"
EndProject
Project("{9A19103F-16F7-4668-BE54-9A1E7A4F7556}") = "Abp.Web.Resources", "src\Abp.Web.Resources\Abp.Web.Resources.csproj", "{1192F00E-070E-426B-9DF1-AD5E1C44AB7D}"
EndProject
Project("{9A19103F-16F7-4668-BE54-9A1E7A4F7556}") = "Abp.AspNetCore", "src\Abp.AspNetCore\Abp.AspNetCore.csproj", "{7391E502-1385-4DE4-BD0F-9BD2A9ECC6D9}"
EndProject
Project("{9A19103F-16F7-4668-BE54-9A1E7A4F7556}") = "AbpAspNetCoreDemo.Core", "test\aspnet-core-demo\AbpAspNetCoreDemo.Core\AbpAspNetCoreDemo.Core.csproj", "{8B47606D-901C-404F-9AD0-C156F39A61DF}"
EndProject
Project("{9A19103F-16F7-4668-BE54-9A1E7A4F7556}") = "Abp.Web.Common", "src\Abp.Web.Common\Abp.Web.Common.csproj", "{883F1591-5B8E-4D5D-85DE-ED96069F2A13}"
EndProject
Project("{9A19103F-16F7-4668-BE54-9A1E7A4F7556}") = "Abp.EntityFrameworkCore", "src\Abp.EntityFrameworkCore\Abp.EntityFrameworkCore.csproj", "{E4D541BF-CD9B-4CE0-AAA7-ED87E99EC9BD}"
EndProject
Project("{9A19103F-16F7-4668-BE54-9A1E7A4F7556}") = "Abp.EntityFrameworkCore.Tests", "test\Abp.EntityFrameworkCore.Tests\Abp.EntityFrameworkCore.Tests.csproj", "{E16465B4-280D-4019-A81F-D36D11C07802}"
EndProject
Project("{9A19103F-16F7-4668-BE54-9A1E7A4F7556}") = "Abp.EntityFramework.Common", "src\Abp.EntityFramework.Common\Abp.EntityFramework.Common.csproj", "{A776FDCE-FDD0-46AF-B2AE-55CF7D3315FF}"
EndProject
Project("{9A19103F-16F7-4668-BE54-9A1E7A4F7556}") = "Abp.AspNetCore.Tests", "test\Abp.AspNetCore.Tests\Abp.AspNetCore.Tests.csproj", "{47279576-BA2A-4941-96BD-E4B913B50B4A}"
EndProject
Project("{9A19103F-16F7-4668-BE54-9A1E7A4F7556}") = "Abp.AspNetCore.TestBase", "src\Abp.AspNetCore.TestBase\Abp.AspNetCore.TestBase.csproj", "{B21CDFC5-81C3-4E29-B7FF-C11B5EC43456}"
EndProject
Project("{9A19103F-16F7-4668-BE54-9A1E7A4F7556}") = "AbpAspNetCoreDemo", "test\aspnet-core-demo\AbpAspNetCoreDemo\AbpAspNetCoreDemo.csproj", "{26172FE6-890F-4D45-83B2-3F28193843AF}"
EndProject
Project("{9A19103F-16F7-4668-BE54-9A1E7A4F7556}") = "Abp.Web.Common.Tests", "test\Abp.Web.Common.Tests\Abp.Web.Common.Tests.csproj", "{26898200-F326-46B8-A202-81167B6048F3}"
EndProject
Project("{9A19103F-16F7-4668-BE54-9A1E7A4F7556}") = "Abp.Castle.Log4Net", "src\Abp.Castle.Log4Net\Abp.Castle.Log4Net.csproj", "{FB797CC0-A394-4977-86B0-47F16672DDE8}"
EndProject
Project("{9A19103F-16F7-4668-BE54-9A1E7A4F7556}") = "Abp.Quartz", "src\Abp.Quartz\Abp.Quartz.csproj", "{F90B1606-F375-4C84-9118-AB0C1DDEB0DF}"
EndProject
Project("{9A19103F-16F7-4668-BE54-9A1E7A4F7556}") = "Abp.RedisCache.ProtoBuf", "src\Abp.RedisCache.ProtoBuf\Abp.RedisCache.ProtoBuf.csproj", "{DA281194-390E-40E4-861B-A034CD6943B7}"
EndProject
Project("{9A19103F-16F7-4668-BE54-9A1E7A4F7556}") = "Abp.Quartz.Tests", "test\Abp.Quartz.Tests\Abp.Quartz.Tests.csproj", "{5023EDC4-AC43-4E11-9D9A-021F0F51EE78}"
EndProject
Project("{9A19103F-16F7-4668-BE54-9A1E7A4F7556}") = "AbpAspNetCoreDemo.PlugIn", "test\aspnet-core-demo\AbpAspNetCoreDemo.PlugIn\AbpAspNetCoreDemo.PlugIn.csproj", "{B93E2627-CA5B-4242-8283-5B69240EF97B}"
EndProject
Project("{9A19103F-16F7-4668-BE54-9A1E7A4F7556}") = "Abp.Dapper", "src\Abp.Dapper\Abp.Dapper.csproj", "{43442BE2-6533-4B91-809C-78C79A0BE67B}"
EndProject
Project("{9A19103F-16F7-4668-BE54-9A1E7A4F7556}") = "Abp.Dapper.Tests", "test\Abp.Dapper.Tests\Abp.Dapper.Tests.csproj", "{91103AD5-286A-45C6-8901-400269B1F939}"
EndProject
Project("{2150E333-8FDC-42A3-9474-1A3956D46DE8}") = "solution-items", "solution-items", "{0A8896A1-EC2E-44D8-BD7E-34D2E46A16CF}"
	ProjectSection(SolutionItems) = preProject
		.gitattributes = .gitattributes
		.gitignore = .gitignore
		common.props = common.props
		configureawait.props = configureawait.props
		LICENSE.md = LICENSE.md
		README.md = README.md
	EndProjectSection
EndProject
Project("{9A19103F-16F7-4668-BE54-9A1E7A4F7556}") = "Abp.HangFire.AspNetCore", "src\Abp.HangFire.AspNetCore\Abp.HangFire.AspNetCore.csproj", "{1CC8525B-3F36-4ED0-BD5A-18DCEA19167E}"
EndProject
Project("{9A19103F-16F7-4668-BE54-9A1E7A4F7556}") = "Abp.MailKit", "src\Abp.MailKit\Abp.MailKit.csproj", "{84A0E5BB-A09E-4C7A-B250-E8E1833337D4}"
EndProject
Project("{9A19103F-16F7-4668-BE54-9A1E7A4F7556}") = "Abp.MailKit.Tests", "test\Abp.MailKit.Tests\Abp.MailKit.Tests.csproj", "{83A5E0C4-D1C5-4B4E-A6D9-3867DEE8DE4D}"
EndProject
Project("{9A19103F-16F7-4668-BE54-9A1E7A4F7556}") = "Abp.EntityFrameworkCore.Dapper.Tests", "test\Abp.EntityFrameworkCore.Dapper.Tests\Abp.EntityFrameworkCore.Dapper.Tests.csproj", "{C4E96BC2-CFD1-4772-BAF2-3CD91EAA9EF2}"
EndProject
Project("{9A19103F-16F7-4668-BE54-9A1E7A4F7556}") = "Abp.Zero.Common", "src\Abp.Zero.Common\Abp.Zero.Common.csproj", "{9CFDFE77-85B0-45C1-81BD-82E5C94963FC}"
EndProject
Project("{9A19103F-16F7-4668-BE54-9A1E7A4F7556}") = "Abp.Zero.Ldap", "src\Abp.Zero.Ldap\Abp.Zero.Ldap.csproj", "{9CA0EF1A-AA65-4EAA-B412-A5F4187844B9}"
EndProject
Project("{9A19103F-16F7-4668-BE54-9A1E7A4F7556}") = "Abp.ZeroCore", "src\Abp.ZeroCore\Abp.ZeroCore.csproj", "{CBA2FACD-067A-420D-B44E-5515096845E1}"
EndProject
Project("{9A19103F-16F7-4668-BE54-9A1E7A4F7556}") = "Abp.ZeroCore.EntityFrameworkCore", "src\Abp.ZeroCore.EntityFrameworkCore\Abp.ZeroCore.EntityFrameworkCore.csproj", "{6165D0BF-77A2-4E72-9D6B-709515F71208}"
EndProject
Project("{9A19103F-16F7-4668-BE54-9A1E7A4F7556}") = "Abp.ZeroCore.IdentityServer4.Tests", "test\Abp.ZeroCore.IdentityServer4.Tests\Abp.ZeroCore.IdentityServer4.Tests.csproj", "{66A8C3E4-E2C0-436B-8475-C7364ACC6B55}"
EndProject
Project("{9A19103F-16F7-4668-BE54-9A1E7A4F7556}") = "Abp.ZeroCore.SampleApp", "test\Abp.ZeroCore.SampleApp\Abp.ZeroCore.SampleApp.csproj", "{0AD3082B-68F2-4FE2-B53E-8BE6BEA2EB74}"
EndProject
Project("{9A19103F-16F7-4668-BE54-9A1E7A4F7556}") = "Abp.ZeroCore.Tests", "test\Abp.ZeroCore.Tests\Abp.ZeroCore.Tests.csproj", "{0CA8B27D-292C-4D57-AD88-EB0073C68F31}"
EndProject
Project("{9A19103F-16F7-4668-BE54-9A1E7A4F7556}") = "Abp.Castle.Log4Net.Tests", "test\Abp.Castle.Log4Net.Tests\Abp.Castle.Log4Net.Tests.csproj", "{F6F5F70B-2217-403F-AB87-6DFA9AD6692F}"
EndProject
Project("{9A19103F-16F7-4668-BE54-9A1E7A4F7556}") = "Abp.ZeroCore.EntityFramework", "src\Abp.ZeroCore.EntityFramework\Abp.ZeroCore.EntityFramework.csproj", "{AABAB6E5-B9E5-425B-8B2D-CD7050426487}"
EndProject
Project("{9A19103F-16F7-4668-BE54-9A1E7A4F7556}") = "Abp.AspNetCore.SignalR", "src\Abp.AspNetCore.SignalR\Abp.AspNetCore.SignalR.csproj", "{4530442B-8E27-4285-A491-7FAAFAC3D4F2}"
EndProject
Project("{9A19103F-16F7-4668-BE54-9A1E7A4F7556}") = "Abp.AspNetCore.OData", "src\Abp.AspNetCore.OData\Abp.AspNetCore.OData.csproj", "{E5A2A9D4-E03E-45EB-BD88-DFFFCE087869}"
EndProject
Project("{2150E333-8FDC-42A3-9474-1A3956D46DE8}") = "aspnet-mvc-demo", "aspnet-mvc-demo", "{8109EC69-284F-4376-AF0B-D6D5D14F88B2}"
EndProject
Project("{9A19103F-16F7-4668-BE54-9A1E7A4F7556}") = "Abp.FluentValidation", "src\Abp.FluentValidation\Abp.FluentValidation.csproj", "{8C6595EA-C3CD-47E6-AE98-9E8ADFD92E67}"
EndProject
Project("{9A19103F-16F7-4668-BE54-9A1E7A4F7556}") = "AbpAspNetCoreDemo.IntegrationTests", "test\aspnet-core-demo\AbpAspNetCoreDemo.Tests\AbpAspNetCoreDemo.IntegrationTests.csproj", "{CC0B4F62-6774-4AFD-9244-16116767A760}"
EndProject
Project("{9A19103F-16F7-4668-BE54-9A1E7A4F7556}") = "_build", "build\_build.csproj", "{C7AD768F-DA07-49CA-B78E-12B9C6FF4340}"
EndProject
Project("{9A19103F-16F7-4668-BE54-9A1E7A4F7556}") = "Abp.ZeroCore.IdentityServer4.vNext", "src\Abp.ZeroCore.IdentityServer4.vNext\Abp.ZeroCore.IdentityServer4.vNext.csproj", "{FA588E3F-FBC1-4B2E-B1FF-0628758422F7}"
EndProject
Project("{9A19103F-16F7-4668-BE54-9A1E7A4F7556}") = "Abp.ZeroCore.IdentityServer4.vNext.EntityFrameworkCore", "src\Abp.ZeroCore.IdentityServer4.vNext.EntityFrameworkCore\Abp.ZeroCore.IdentityServer4.vNext.EntityFrameworkCore.csproj", "{5779DD70-E43D-4429-8D8D-1DD429392F0D}"
EndProject
Project("{9A19103F-16F7-4668-BE54-9A1E7A4F7556}") = "Abp.AspNetCore.PerRequestRedisCache", "src\Abp.AspNetCore.PerRequestRedisCache\Abp.AspNetCore.PerRequestRedisCache.csproj", "{DE3D4F5B-70A2-488B-A478-2C73FFE36D46}"
EndProject
Project("{9A19103F-16F7-4668-BE54-9A1E7A4F7556}") = "Abp.ZeroCore.NHibernate", "src\Abp.ZeroCore.NHibernate\Abp.ZeroCore.NHibernate.csproj", "{01F71E3D-5010-43AA-870A-ADED860FF73B}"
EndProject
Project("{9A19103F-16F7-4668-BE54-9A1E7A4F7556}") = "Abp.HtmlSanitizer", "src\Abp.HtmlSanitizer\Abp.HtmlSanitizer.csproj", "{BC2B3FA8-40D1-49AF-AD73-703A163F1BAD}"
EndProject
Project("{9A19103F-16F7-4668-BE54-9A1E7A4F7556}") = "Abp.BlobStoring", "src\Abp.BlobStoring\Abp.BlobStoring.csproj", "{0A5E11F6-02FC-4244-90C2-888209506694}"
EndProject
Project("{9A19103F-16F7-4668-BE54-9A1E7A4F7556}") = "Abp.BlobStoring.FileSystem", "src\Abp.BlobStoring.FileSystem\Abp.BlobStoring.FileSystem.csproj", "{31BCFB0E-8930-49DE-9587-DA83B3968CFB}"
EndProject
Project("{9A19103F-16F7-4668-BE54-9A1E7A4F7556}") = "Abp.BlobStoring.Azure", "src\Abp.BlobStoring.Azure\Abp.BlobStoring.Azure.csproj", "{E262671E-572A-41A6-8FF5-E77FEF6F22DE}"
EndProject
Project("{9A19103F-16F7-4668-BE54-9A1E7A4F7556}") = "Abp.BlobStoring.Tests", "test\Abp.BlobStoring.Tests\Abp.BlobStoring.Tests.csproj", "{83033E58-88EB-4746-A15D-02E3DC1BB03A}"
EndProject
Project("{9A19103F-16F7-4668-BE54-9A1E7A4F7556}") = "Abp.BlobStoring.FileSystem.Tests", "test\Abp.BlobStoring.FileSystem.Tests\Abp.BlobStoring.FileSystem.Tests.csproj", "{3B7382DA-99D4-48AA-B8B9-16D905D60BFF}"
EndProject
Project("{9A19103F-16F7-4668-BE54-9A1E7A4F7556}") = "Abp.BlobStoring.Azure.Tests", "test\Abp.BlobStoring.Azure.Tests\Abp.BlobStoring.Azure.Tests.csproj", "{168BE615-DA0F-42FA-98F4-6694034DBF8A}"
EndProject
Project("{9A19103F-16F7-4668-BE54-9A1E7A4F7556}") = "Abp.ZeroCore.OpenIddict", "src\Abp.ZeroCore.OpenIddict\Abp.ZeroCore.OpenIddict.csproj", "{0C3B9DEA-FC31-4039-ABB1-A087BB452B49}"
EndProject
Project("{9A19103F-16F7-4668-BE54-9A1E7A4F7556}") = "Abp.ZeroCore.OpenIddict.EntityFrameworkCore", "src\Abp.ZeroCore.OpenIddict.EntityFrameworkCore\Abp.ZeroCore.OpenIddict.EntityFrameworkCore.csproj", "{D4B74841-E40B-4856-92B4-BD98FB083DD5}"
EndProject
Project("{9A19103F-16F7-4668-BE54-9A1E7A4F7556}") = "Abp.AspNetCore.OpenIddict", "src\Abp.AspNetCore.OpenIddict\Abp.AspNetCore.OpenIddict.csproj", "{21B57D41-646E-43E3-B146-15F7CDE92A5E}"
EndProject
Global
	GlobalSection(SolutionConfigurationPlatforms) = preSolution
		Debug|Any CPU = Debug|Any CPU
		Release|Any CPU = Release|Any CPU
	EndGlobalSection
	GlobalSection(ProjectConfigurationPlatforms) = postSolution
		{486C8629-0E65-47E9-9BA4-8180E682C1F8}.Debug|Any CPU.ActiveCfg = Debug|Any CPU
		{486C8629-0E65-47E9-9BA4-8180E682C1F8}.Debug|Any CPU.Build.0 = Debug|Any CPU
		{486C8629-0E65-47E9-9BA4-8180E682C1F8}.Release|Any CPU.ActiveCfg = Release|Any CPU
		{486C8629-0E65-47E9-9BA4-8180E682C1F8}.Release|Any CPU.Build.0 = Release|Any CPU
		{D15AE572-FE92-4307-8262-37A3CA276B8F}.Debug|Any CPU.ActiveCfg = Debug|Any CPU
		{D15AE572-FE92-4307-8262-37A3CA276B8F}.Debug|Any CPU.Build.0 = Debug|Any CPU
		{D15AE572-FE92-4307-8262-37A3CA276B8F}.Release|Any CPU.ActiveCfg = Release|Any CPU
		{D15AE572-FE92-4307-8262-37A3CA276B8F}.Release|Any CPU.Build.0 = Release|Any CPU
		{D792EF2A-63EB-460B-8FB7-8D6DDDAB4604}.Debug|Any CPU.ActiveCfg = Debug|Any CPU
		{D792EF2A-63EB-460B-8FB7-8D6DDDAB4604}.Debug|Any CPU.Build.0 = Debug|Any CPU
		{D792EF2A-63EB-460B-8FB7-8D6DDDAB4604}.Release|Any CPU.ActiveCfg = Release|Any CPU
		{D792EF2A-63EB-460B-8FB7-8D6DDDAB4604}.Release|Any CPU.Build.0 = Release|Any CPU
		{A634FA1F-CF60-4B61-93CF-464D0F42E795}.Debug|Any CPU.ActiveCfg = Debug|Any CPU
		{A634FA1F-CF60-4B61-93CF-464D0F42E795}.Debug|Any CPU.Build.0 = Debug|Any CPU
		{A634FA1F-CF60-4B61-93CF-464D0F42E795}.Release|Any CPU.ActiveCfg = Release|Any CPU
		{A634FA1F-CF60-4B61-93CF-464D0F42E795}.Release|Any CPU.Build.0 = Release|Any CPU
		{51C56751-CEDC-40BE-86AD-A2A1A6A1A806}.Debug|Any CPU.ActiveCfg = Debug|Any CPU
		{51C56751-CEDC-40BE-86AD-A2A1A6A1A806}.Debug|Any CPU.Build.0 = Debug|Any CPU
		{51C56751-CEDC-40BE-86AD-A2A1A6A1A806}.Release|Any CPU.ActiveCfg = Release|Any CPU
		{51C56751-CEDC-40BE-86AD-A2A1A6A1A806}.Release|Any CPU.Build.0 = Release|Any CPU
		{CE407E98-8E1F-49A0-8ADE-D25F4D47B875}.Debug|Any CPU.ActiveCfg = Debug|Any CPU
		{CE407E98-8E1F-49A0-8ADE-D25F4D47B875}.Debug|Any CPU.Build.0 = Debug|Any CPU
		{CE407E98-8E1F-49A0-8ADE-D25F4D47B875}.Release|Any CPU.ActiveCfg = Release|Any CPU
		{CE407E98-8E1F-49A0-8ADE-D25F4D47B875}.Release|Any CPU.Build.0 = Release|Any CPU
		{BDF77DF1-C10B-4358-9BAA-22860DC7A0A9}.Debug|Any CPU.ActiveCfg = Debug|Any CPU
		{BDF77DF1-C10B-4358-9BAA-22860DC7A0A9}.Debug|Any CPU.Build.0 = Debug|Any CPU
		{BDF77DF1-C10B-4358-9BAA-22860DC7A0A9}.Release|Any CPU.ActiveCfg = Release|Any CPU
		{BDF77DF1-C10B-4358-9BAA-22860DC7A0A9}.Release|Any CPU.Build.0 = Release|Any CPU
		{DE0847EF-92D0-402F-8223-500AEE136ECD}.Debug|Any CPU.ActiveCfg = Debug|Any CPU
		{DE0847EF-92D0-402F-8223-500AEE136ECD}.Debug|Any CPU.Build.0 = Debug|Any CPU
		{DE0847EF-92D0-402F-8223-500AEE136ECD}.Release|Any CPU.ActiveCfg = Release|Any CPU
		{DE0847EF-92D0-402F-8223-500AEE136ECD}.Release|Any CPU.Build.0 = Release|Any CPU
		{221C96FA-49F3-456E-AA6A-53BB22956578}.Debug|Any CPU.ActiveCfg = Debug|Any CPU
		{221C96FA-49F3-456E-AA6A-53BB22956578}.Debug|Any CPU.Build.0 = Debug|Any CPU
		{221C96FA-49F3-456E-AA6A-53BB22956578}.Release|Any CPU.ActiveCfg = Release|Any CPU
		{221C96FA-49F3-456E-AA6A-53BB22956578}.Release|Any CPU.Build.0 = Release|Any CPU
		{B8978FDF-E9A9-42D0-9234-32C8BA0411A9}.Debug|Any CPU.ActiveCfg = Debug|Any CPU
		{B8978FDF-E9A9-42D0-9234-32C8BA0411A9}.Debug|Any CPU.Build.0 = Debug|Any CPU
		{B8978FDF-E9A9-42D0-9234-32C8BA0411A9}.Release|Any CPU.ActiveCfg = Release|Any CPU
		{B8978FDF-E9A9-42D0-9234-32C8BA0411A9}.Release|Any CPU.Build.0 = Release|Any CPU
		{0570DCCD-B666-42F3-9AA4-9F1394E6C904}.Debug|Any CPU.ActiveCfg = Debug|Any CPU
		{0570DCCD-B666-42F3-9AA4-9F1394E6C904}.Debug|Any CPU.Build.0 = Debug|Any CPU
		{0570DCCD-B666-42F3-9AA4-9F1394E6C904}.Release|Any CPU.ActiveCfg = Release|Any CPU
		{0570DCCD-B666-42F3-9AA4-9F1394E6C904}.Release|Any CPU.Build.0 = Release|Any CPU
		{BCA80B2B-871B-4A6F-B719-5FF6017BC572}.Debug|Any CPU.ActiveCfg = Debug|Any CPU
		{BCA80B2B-871B-4A6F-B719-5FF6017BC572}.Debug|Any CPU.Build.0 = Debug|Any CPU
		{BCA80B2B-871B-4A6F-B719-5FF6017BC572}.Release|Any CPU.ActiveCfg = Release|Any CPU
		{BCA80B2B-871B-4A6F-B719-5FF6017BC572}.Release|Any CPU.Build.0 = Release|Any CPU
		{32041945-7035-410D-A1D5-E5779122114A}.Debug|Any CPU.ActiveCfg = Debug|Any CPU
		{32041945-7035-410D-A1D5-E5779122114A}.Debug|Any CPU.Build.0 = Debug|Any CPU
		{32041945-7035-410D-A1D5-E5779122114A}.Release|Any CPU.ActiveCfg = Release|Any CPU
		{32041945-7035-410D-A1D5-E5779122114A}.Release|Any CPU.Build.0 = Release|Any CPU
		{0DBA5587-9ECE-4E86-B798-FCF28A130A0F}.Debug|Any CPU.ActiveCfg = Debug|Any CPU
		{0DBA5587-9ECE-4E86-B798-FCF28A130A0F}.Debug|Any CPU.Build.0 = Debug|Any CPU
		{0DBA5587-9ECE-4E86-B798-FCF28A130A0F}.Release|Any CPU.ActiveCfg = Release|Any CPU
		{0DBA5587-9ECE-4E86-B798-FCF28A130A0F}.Release|Any CPU.Build.0 = Release|Any CPU
		{0B306A5A-FCEC-4E0B-A800-ECC9F94FFDC9}.Debug|Any CPU.ActiveCfg = Debug|Any CPU
		{0B306A5A-FCEC-4E0B-A800-ECC9F94FFDC9}.Debug|Any CPU.Build.0 = Debug|Any CPU
		{0B306A5A-FCEC-4E0B-A800-ECC9F94FFDC9}.Release|Any CPU.ActiveCfg = Release|Any CPU
		{0B306A5A-FCEC-4E0B-A800-ECC9F94FFDC9}.Release|Any CPU.Build.0 = Release|Any CPU
		{1192F00E-070E-426B-9DF1-AD5E1C44AB7D}.Debug|Any CPU.ActiveCfg = Debug|Any CPU
		{1192F00E-070E-426B-9DF1-AD5E1C44AB7D}.Debug|Any CPU.Build.0 = Debug|Any CPU
		{1192F00E-070E-426B-9DF1-AD5E1C44AB7D}.Release|Any CPU.ActiveCfg = Release|Any CPU
		{1192F00E-070E-426B-9DF1-AD5E1C44AB7D}.Release|Any CPU.Build.0 = Release|Any CPU
		{7391E502-1385-4DE4-BD0F-9BD2A9ECC6D9}.Debug|Any CPU.ActiveCfg = Debug|Any CPU
		{7391E502-1385-4DE4-BD0F-9BD2A9ECC6D9}.Debug|Any CPU.Build.0 = Debug|Any CPU
		{7391E502-1385-4DE4-BD0F-9BD2A9ECC6D9}.Release|Any CPU.ActiveCfg = Release|Any CPU
		{7391E502-1385-4DE4-BD0F-9BD2A9ECC6D9}.Release|Any CPU.Build.0 = Release|Any CPU
		{8B47606D-901C-404F-9AD0-C156F39A61DF}.Debug|Any CPU.ActiveCfg = Debug|Any CPU
		{8B47606D-901C-404F-9AD0-C156F39A61DF}.Debug|Any CPU.Build.0 = Debug|Any CPU
		{8B47606D-901C-404F-9AD0-C156F39A61DF}.Release|Any CPU.ActiveCfg = Release|Any CPU
		{8B47606D-901C-404F-9AD0-C156F39A61DF}.Release|Any CPU.Build.0 = Release|Any CPU
		{883F1591-5B8E-4D5D-85DE-ED96069F2A13}.Debug|Any CPU.ActiveCfg = Debug|Any CPU
		{883F1591-5B8E-4D5D-85DE-ED96069F2A13}.Debug|Any CPU.Build.0 = Debug|Any CPU
		{883F1591-5B8E-4D5D-85DE-ED96069F2A13}.Release|Any CPU.ActiveCfg = Release|Any CPU
		{883F1591-5B8E-4D5D-85DE-ED96069F2A13}.Release|Any CPU.Build.0 = Release|Any CPU
		{E4D541BF-CD9B-4CE0-AAA7-ED87E99EC9BD}.Debug|Any CPU.ActiveCfg = Debug|Any CPU
		{E4D541BF-CD9B-4CE0-AAA7-ED87E99EC9BD}.Debug|Any CPU.Build.0 = Debug|Any CPU
		{E4D541BF-CD9B-4CE0-AAA7-ED87E99EC9BD}.Release|Any CPU.ActiveCfg = Release|Any CPU
		{E4D541BF-CD9B-4CE0-AAA7-ED87E99EC9BD}.Release|Any CPU.Build.0 = Release|Any CPU
		{E16465B4-280D-4019-A81F-D36D11C07802}.Debug|Any CPU.ActiveCfg = Debug|Any CPU
		{E16465B4-280D-4019-A81F-D36D11C07802}.Debug|Any CPU.Build.0 = Debug|Any CPU
		{E16465B4-280D-4019-A81F-D36D11C07802}.Release|Any CPU.ActiveCfg = Release|Any CPU
		{E16465B4-280D-4019-A81F-D36D11C07802}.Release|Any CPU.Build.0 = Release|Any CPU
		{A776FDCE-FDD0-46AF-B2AE-55CF7D3315FF}.Debug|Any CPU.ActiveCfg = Debug|Any CPU
		{A776FDCE-FDD0-46AF-B2AE-55CF7D3315FF}.Debug|Any CPU.Build.0 = Debug|Any CPU
		{A776FDCE-FDD0-46AF-B2AE-55CF7D3315FF}.Release|Any CPU.ActiveCfg = Release|Any CPU
		{A776FDCE-FDD0-46AF-B2AE-55CF7D3315FF}.Release|Any CPU.Build.0 = Release|Any CPU
		{47279576-BA2A-4941-96BD-E4B913B50B4A}.Debug|Any CPU.ActiveCfg = Debug|Any CPU
		{47279576-BA2A-4941-96BD-E4B913B50B4A}.Debug|Any CPU.Build.0 = Debug|Any CPU
		{47279576-BA2A-4941-96BD-E4B913B50B4A}.Release|Any CPU.ActiveCfg = Release|Any CPU
		{47279576-BA2A-4941-96BD-E4B913B50B4A}.Release|Any CPU.Build.0 = Release|Any CPU
		{B21CDFC5-81C3-4E29-B7FF-C11B5EC43456}.Debug|Any CPU.ActiveCfg = Debug|Any CPU
		{B21CDFC5-81C3-4E29-B7FF-C11B5EC43456}.Debug|Any CPU.Build.0 = Debug|Any CPU
		{B21CDFC5-81C3-4E29-B7FF-C11B5EC43456}.Release|Any CPU.ActiveCfg = Release|Any CPU
		{B21CDFC5-81C3-4E29-B7FF-C11B5EC43456}.Release|Any CPU.Build.0 = Release|Any CPU
		{26172FE6-890F-4D45-83B2-3F28193843AF}.Debug|Any CPU.ActiveCfg = Debug|Any CPU
		{26172FE6-890F-4D45-83B2-3F28193843AF}.Debug|Any CPU.Build.0 = Debug|Any CPU
		{26172FE6-890F-4D45-83B2-3F28193843AF}.Release|Any CPU.ActiveCfg = Release|Any CPU
		{26172FE6-890F-4D45-83B2-3F28193843AF}.Release|Any CPU.Build.0 = Release|Any CPU
		{26898200-F326-46B8-A202-81167B6048F3}.Debug|Any CPU.ActiveCfg = Debug|Any CPU
		{26898200-F326-46B8-A202-81167B6048F3}.Debug|Any CPU.Build.0 = Debug|Any CPU
		{26898200-F326-46B8-A202-81167B6048F3}.Release|Any CPU.ActiveCfg = Release|Any CPU
		{26898200-F326-46B8-A202-81167B6048F3}.Release|Any CPU.Build.0 = Release|Any CPU
		{FB797CC0-A394-4977-86B0-47F16672DDE8}.Debug|Any CPU.ActiveCfg = Debug|Any CPU
		{FB797CC0-A394-4977-86B0-47F16672DDE8}.Debug|Any CPU.Build.0 = Debug|Any CPU
		{FB797CC0-A394-4977-86B0-47F16672DDE8}.Release|Any CPU.ActiveCfg = Release|Any CPU
		{FB797CC0-A394-4977-86B0-47F16672DDE8}.Release|Any CPU.Build.0 = Release|Any CPU
		{F90B1606-F375-4C84-9118-AB0C1DDEB0DF}.Debug|Any CPU.ActiveCfg = Debug|Any CPU
		{F90B1606-F375-4C84-9118-AB0C1DDEB0DF}.Debug|Any CPU.Build.0 = Debug|Any CPU
		{F90B1606-F375-4C84-9118-AB0C1DDEB0DF}.Release|Any CPU.ActiveCfg = Release|Any CPU
		{F90B1606-F375-4C84-9118-AB0C1DDEB0DF}.Release|Any CPU.Build.0 = Release|Any CPU
		{DA281194-390E-40E4-861B-A034CD6943B7}.Debug|Any CPU.ActiveCfg = Debug|Any CPU
		{DA281194-390E-40E4-861B-A034CD6943B7}.Debug|Any CPU.Build.0 = Debug|Any CPU
		{DA281194-390E-40E4-861B-A034CD6943B7}.Release|Any CPU.ActiveCfg = Release|Any CPU
		{DA281194-390E-40E4-861B-A034CD6943B7}.Release|Any CPU.Build.0 = Release|Any CPU
		{5023EDC4-AC43-4E11-9D9A-021F0F51EE78}.Debug|Any CPU.ActiveCfg = Debug|Any CPU
		{5023EDC4-AC43-4E11-9D9A-021F0F51EE78}.Debug|Any CPU.Build.0 = Debug|Any CPU
		{5023EDC4-AC43-4E11-9D9A-021F0F51EE78}.Release|Any CPU.ActiveCfg = Release|Any CPU
		{5023EDC4-AC43-4E11-9D9A-021F0F51EE78}.Release|Any CPU.Build.0 = Release|Any CPU
		{B93E2627-CA5B-4242-8283-5B69240EF97B}.Debug|Any CPU.ActiveCfg = Debug|Any CPU
		{B93E2627-CA5B-4242-8283-5B69240EF97B}.Debug|Any CPU.Build.0 = Debug|Any CPU
		{B93E2627-CA5B-4242-8283-5B69240EF97B}.Release|Any CPU.ActiveCfg = Release|Any CPU
		{B93E2627-CA5B-4242-8283-5B69240EF97B}.Release|Any CPU.Build.0 = Release|Any CPU
		{43442BE2-6533-4B91-809C-78C79A0BE67B}.Debug|Any CPU.ActiveCfg = Debug|Any CPU
		{43442BE2-6533-4B91-809C-78C79A0BE67B}.Debug|Any CPU.Build.0 = Debug|Any CPU
		{43442BE2-6533-4B91-809C-78C79A0BE67B}.Release|Any CPU.ActiveCfg = Release|Any CPU
		{43442BE2-6533-4B91-809C-78C79A0BE67B}.Release|Any CPU.Build.0 = Release|Any CPU
		{91103AD5-286A-45C6-8901-400269B1F939}.Debug|Any CPU.ActiveCfg = Debug|Any CPU
		{91103AD5-286A-45C6-8901-400269B1F939}.Debug|Any CPU.Build.0 = Debug|Any CPU
		{91103AD5-286A-45C6-8901-400269B1F939}.Release|Any CPU.ActiveCfg = Release|Any CPU
		{91103AD5-286A-45C6-8901-400269B1F939}.Release|Any CPU.Build.0 = Release|Any CPU
		{1CC8525B-3F36-4ED0-BD5A-18DCEA19167E}.Debug|Any CPU.ActiveCfg = Debug|Any CPU
		{1CC8525B-3F36-4ED0-BD5A-18DCEA19167E}.Debug|Any CPU.Build.0 = Debug|Any CPU
		{1CC8525B-3F36-4ED0-BD5A-18DCEA19167E}.Release|Any CPU.ActiveCfg = Release|Any CPU
		{1CC8525B-3F36-4ED0-BD5A-18DCEA19167E}.Release|Any CPU.Build.0 = Release|Any CPU
		{84A0E5BB-A09E-4C7A-B250-E8E1833337D4}.Debug|Any CPU.ActiveCfg = Debug|Any CPU
		{84A0E5BB-A09E-4C7A-B250-E8E1833337D4}.Debug|Any CPU.Build.0 = Debug|Any CPU
		{84A0E5BB-A09E-4C7A-B250-E8E1833337D4}.Release|Any CPU.ActiveCfg = Release|Any CPU
		{84A0E5BB-A09E-4C7A-B250-E8E1833337D4}.Release|Any CPU.Build.0 = Release|Any CPU
		{83A5E0C4-D1C5-4B4E-A6D9-3867DEE8DE4D}.Debug|Any CPU.ActiveCfg = Debug|Any CPU
		{83A5E0C4-D1C5-4B4E-A6D9-3867DEE8DE4D}.Debug|Any CPU.Build.0 = Debug|Any CPU
		{83A5E0C4-D1C5-4B4E-A6D9-3867DEE8DE4D}.Release|Any CPU.ActiveCfg = Release|Any CPU
		{83A5E0C4-D1C5-4B4E-A6D9-3867DEE8DE4D}.Release|Any CPU.Build.0 = Release|Any CPU
		{C4E96BC2-CFD1-4772-BAF2-3CD91EAA9EF2}.Debug|Any CPU.ActiveCfg = Debug|Any CPU
		{C4E96BC2-CFD1-4772-BAF2-3CD91EAA9EF2}.Debug|Any CPU.Build.0 = Debug|Any CPU
		{C4E96BC2-CFD1-4772-BAF2-3CD91EAA9EF2}.Release|Any CPU.ActiveCfg = Release|Any CPU
		{C4E96BC2-CFD1-4772-BAF2-3CD91EAA9EF2}.Release|Any CPU.Build.0 = Release|Any CPU
		{9CFDFE77-85B0-45C1-81BD-82E5C94963FC}.Debug|Any CPU.ActiveCfg = Debug|Any CPU
		{9CFDFE77-85B0-45C1-81BD-82E5C94963FC}.Debug|Any CPU.Build.0 = Debug|Any CPU
		{9CFDFE77-85B0-45C1-81BD-82E5C94963FC}.Release|Any CPU.ActiveCfg = Release|Any CPU
		{9CFDFE77-85B0-45C1-81BD-82E5C94963FC}.Release|Any CPU.Build.0 = Release|Any CPU
		{9CA0EF1A-AA65-4EAA-B412-A5F4187844B9}.Debug|Any CPU.ActiveCfg = Debug|Any CPU
		{9CA0EF1A-AA65-4EAA-B412-A5F4187844B9}.Debug|Any CPU.Build.0 = Debug|Any CPU
		{9CA0EF1A-AA65-4EAA-B412-A5F4187844B9}.Release|Any CPU.ActiveCfg = Release|Any CPU
		{9CA0EF1A-AA65-4EAA-B412-A5F4187844B9}.Release|Any CPU.Build.0 = Release|Any CPU
		{CBA2FACD-067A-420D-B44E-5515096845E1}.Debug|Any CPU.ActiveCfg = Debug|Any CPU
		{CBA2FACD-067A-420D-B44E-5515096845E1}.Debug|Any CPU.Build.0 = Debug|Any CPU
		{CBA2FACD-067A-420D-B44E-5515096845E1}.Release|Any CPU.ActiveCfg = Release|Any CPU
		{CBA2FACD-067A-420D-B44E-5515096845E1}.Release|Any CPU.Build.0 = Release|Any CPU
		{6165D0BF-77A2-4E72-9D6B-709515F71208}.Debug|Any CPU.ActiveCfg = Debug|Any CPU
		{6165D0BF-77A2-4E72-9D6B-709515F71208}.Debug|Any CPU.Build.0 = Debug|Any CPU
		{6165D0BF-77A2-4E72-9D6B-709515F71208}.Release|Any CPU.ActiveCfg = Release|Any CPU
		{6165D0BF-77A2-4E72-9D6B-709515F71208}.Release|Any CPU.Build.0 = Release|Any CPU
		{66A8C3E4-E2C0-436B-8475-C7364ACC6B55}.Debug|Any CPU.ActiveCfg = Debug|Any CPU
		{66A8C3E4-E2C0-436B-8475-C7364ACC6B55}.Debug|Any CPU.Build.0 = Debug|Any CPU
		{66A8C3E4-E2C0-436B-8475-C7364ACC6B55}.Release|Any CPU.ActiveCfg = Release|Any CPU
		{66A8C3E4-E2C0-436B-8475-C7364ACC6B55}.Release|Any CPU.Build.0 = Release|Any CPU
		{0AD3082B-68F2-4FE2-B53E-8BE6BEA2EB74}.Debug|Any CPU.ActiveCfg = Debug|Any CPU
		{0AD3082B-68F2-4FE2-B53E-8BE6BEA2EB74}.Debug|Any CPU.Build.0 = Debug|Any CPU
		{0AD3082B-68F2-4FE2-B53E-8BE6BEA2EB74}.Release|Any CPU.ActiveCfg = Release|Any CPU
		{0AD3082B-68F2-4FE2-B53E-8BE6BEA2EB74}.Release|Any CPU.Build.0 = Release|Any CPU
		{0CA8B27D-292C-4D57-AD88-EB0073C68F31}.Debug|Any CPU.ActiveCfg = Debug|Any CPU
		{0CA8B27D-292C-4D57-AD88-EB0073C68F31}.Debug|Any CPU.Build.0 = Debug|Any CPU
		{0CA8B27D-292C-4D57-AD88-EB0073C68F31}.Release|Any CPU.ActiveCfg = Release|Any CPU
		{0CA8B27D-292C-4D57-AD88-EB0073C68F31}.Release|Any CPU.Build.0 = Release|Any CPU
		{F6F5F70B-2217-403F-AB87-6DFA9AD6692F}.Debug|Any CPU.ActiveCfg = Debug|Any CPU
		{F6F5F70B-2217-403F-AB87-6DFA9AD6692F}.Debug|Any CPU.Build.0 = Debug|Any CPU
		{F6F5F70B-2217-403F-AB87-6DFA9AD6692F}.Release|Any CPU.ActiveCfg = Release|Any CPU
		{F6F5F70B-2217-403F-AB87-6DFA9AD6692F}.Release|Any CPU.Build.0 = Release|Any CPU
		{AABAB6E5-B9E5-425B-8B2D-CD7050426487}.Debug|Any CPU.ActiveCfg = Debug|Any CPU
		{AABAB6E5-B9E5-425B-8B2D-CD7050426487}.Debug|Any CPU.Build.0 = Debug|Any CPU
		{AABAB6E5-B9E5-425B-8B2D-CD7050426487}.Release|Any CPU.ActiveCfg = Release|Any CPU
		{AABAB6E5-B9E5-425B-8B2D-CD7050426487}.Release|Any CPU.Build.0 = Release|Any CPU
		{4530442B-8E27-4285-A491-7FAAFAC3D4F2}.Debug|Any CPU.ActiveCfg = Debug|Any CPU
		{4530442B-8E27-4285-A491-7FAAFAC3D4F2}.Debug|Any CPU.Build.0 = Debug|Any CPU
		{4530442B-8E27-4285-A491-7FAAFAC3D4F2}.Release|Any CPU.ActiveCfg = Release|Any CPU
		{4530442B-8E27-4285-A491-7FAAFAC3D4F2}.Release|Any CPU.Build.0 = Release|Any CPU
		{E5A2A9D4-E03E-45EB-BD88-DFFFCE087869}.Debug|Any CPU.ActiveCfg = Debug|Any CPU
		{E5A2A9D4-E03E-45EB-BD88-DFFFCE087869}.Debug|Any CPU.Build.0 = Debug|Any CPU
		{E5A2A9D4-E03E-45EB-BD88-DFFFCE087869}.Release|Any CPU.ActiveCfg = Release|Any CPU
		{E5A2A9D4-E03E-45EB-BD88-DFFFCE087869}.Release|Any CPU.Build.0 = Release|Any CPU
		{8C6595EA-C3CD-47E6-AE98-9E8ADFD92E67}.Debug|Any CPU.ActiveCfg = Debug|Any CPU
		{8C6595EA-C3CD-47E6-AE98-9E8ADFD92E67}.Debug|Any CPU.Build.0 = Debug|Any CPU
		{8C6595EA-C3CD-47E6-AE98-9E8ADFD92E67}.Release|Any CPU.ActiveCfg = Release|Any CPU
		{8C6595EA-C3CD-47E6-AE98-9E8ADFD92E67}.Release|Any CPU.Build.0 = Release|Any CPU
		{CC0B4F62-6774-4AFD-9244-16116767A760}.Debug|Any CPU.ActiveCfg = Debug|Any CPU
		{CC0B4F62-6774-4AFD-9244-16116767A760}.Debug|Any CPU.Build.0 = Debug|Any CPU
		{CC0B4F62-6774-4AFD-9244-16116767A760}.Release|Any CPU.ActiveCfg = Release|Any CPU
		{CC0B4F62-6774-4AFD-9244-16116767A760}.Release|Any CPU.Build.0 = Release|Any CPU
		{C7AD768F-DA07-49CA-B78E-12B9C6FF4340}.Debug|Any CPU.ActiveCfg = Debug|Any CPU
		{C7AD768F-DA07-49CA-B78E-12B9C6FF4340}.Release|Any CPU.ActiveCfg = Release|Any CPU
		{FA588E3F-FBC1-4B2E-B1FF-0628758422F7}.Debug|Any CPU.ActiveCfg = Debug|Any CPU
		{FA588E3F-FBC1-4B2E-B1FF-0628758422F7}.Debug|Any CPU.Build.0 = Debug|Any CPU
		{FA588E3F-FBC1-4B2E-B1FF-0628758422F7}.Release|Any CPU.ActiveCfg = Release|Any CPU
		{FA588E3F-FBC1-4B2E-B1FF-0628758422F7}.Release|Any CPU.Build.0 = Release|Any CPU
		{5779DD70-E43D-4429-8D8D-1DD429392F0D}.Debug|Any CPU.ActiveCfg = Debug|Any CPU
		{5779DD70-E43D-4429-8D8D-1DD429392F0D}.Debug|Any CPU.Build.0 = Debug|Any CPU
		{5779DD70-E43D-4429-8D8D-1DD429392F0D}.Release|Any CPU.ActiveCfg = Release|Any CPU
		{5779DD70-E43D-4429-8D8D-1DD429392F0D}.Release|Any CPU.Build.0 = Release|Any CPU
		{DE3D4F5B-70A2-488B-A478-2C73FFE36D46}.Debug|Any CPU.ActiveCfg = Debug|Any CPU
		{DE3D4F5B-70A2-488B-A478-2C73FFE36D46}.Debug|Any CPU.Build.0 = Debug|Any CPU
		{DE3D4F5B-70A2-488B-A478-2C73FFE36D46}.Release|Any CPU.ActiveCfg = Release|Any CPU
		{DE3D4F5B-70A2-488B-A478-2C73FFE36D46}.Release|Any CPU.Build.0 = Release|Any CPU
		{01F71E3D-5010-43AA-870A-ADED860FF73B}.Debug|Any CPU.ActiveCfg = Debug|Any CPU
		{01F71E3D-5010-43AA-870A-ADED860FF73B}.Debug|Any CPU.Build.0 = Debug|Any CPU
		{01F71E3D-5010-43AA-870A-ADED860FF73B}.Release|Any CPU.ActiveCfg = Release|Any CPU
		{01F71E3D-5010-43AA-870A-ADED860FF73B}.Release|Any CPU.Build.0 = Release|Any CPU
		{BC2B3FA8-40D1-49AF-AD73-703A163F1BAD}.Debug|Any CPU.ActiveCfg = Debug|Any CPU
		{BC2B3FA8-40D1-49AF-AD73-703A163F1BAD}.Debug|Any CPU.Build.0 = Debug|Any CPU
		{BC2B3FA8-40D1-49AF-AD73-703A163F1BAD}.Release|Any CPU.ActiveCfg = Release|Any CPU
		{BC2B3FA8-40D1-49AF-AD73-703A163F1BAD}.Release|Any CPU.Build.0 = Release|Any CPU
		{0A5E11F6-02FC-4244-90C2-888209506694}.Debug|Any CPU.ActiveCfg = Debug|Any CPU
		{0A5E11F6-02FC-4244-90C2-888209506694}.Debug|Any CPU.Build.0 = Debug|Any CPU
		{0A5E11F6-02FC-4244-90C2-888209506694}.Release|Any CPU.ActiveCfg = Release|Any CPU
		{0A5E11F6-02FC-4244-90C2-888209506694}.Release|Any CPU.Build.0 = Release|Any CPU
		{31BCFB0E-8930-49DE-9587-DA83B3968CFB}.Debug|Any CPU.ActiveCfg = Debug|Any CPU
		{31BCFB0E-8930-49DE-9587-DA83B3968CFB}.Debug|Any CPU.Build.0 = Debug|Any CPU
		{31BCFB0E-8930-49DE-9587-DA83B3968CFB}.Release|Any CPU.ActiveCfg = Release|Any CPU
		{31BCFB0E-8930-49DE-9587-DA83B3968CFB}.Release|Any CPU.Build.0 = Release|Any CPU
		{E262671E-572A-41A6-8FF5-E77FEF6F22DE}.Debug|Any CPU.ActiveCfg = Debug|Any CPU
		{E262671E-572A-41A6-8FF5-E77FEF6F22DE}.Debug|Any CPU.Build.0 = Debug|Any CPU
		{E262671E-572A-41A6-8FF5-E77FEF6F22DE}.Release|Any CPU.ActiveCfg = Release|Any CPU
		{E262671E-572A-41A6-8FF5-E77FEF6F22DE}.Release|Any CPU.Build.0 = Release|Any CPU
		{83033E58-88EB-4746-A15D-02E3DC1BB03A}.Debug|Any CPU.ActiveCfg = Debug|Any CPU
		{83033E58-88EB-4746-A15D-02E3DC1BB03A}.Debug|Any CPU.Build.0 = Debug|Any CPU
		{83033E58-88EB-4746-A15D-02E3DC1BB03A}.Release|Any CPU.ActiveCfg = Release|Any CPU
		{83033E58-88EB-4746-A15D-02E3DC1BB03A}.Release|Any CPU.Build.0 = Release|Any CPU
		{3B7382DA-99D4-48AA-B8B9-16D905D60BFF}.Debug|Any CPU.ActiveCfg = Debug|Any CPU
		{3B7382DA-99D4-48AA-B8B9-16D905D60BFF}.Debug|Any CPU.Build.0 = Debug|Any CPU
		{3B7382DA-99D4-48AA-B8B9-16D905D60BFF}.Release|Any CPU.ActiveCfg = Release|Any CPU
		{3B7382DA-99D4-48AA-B8B9-16D905D60BFF}.Release|Any CPU.Build.0 = Release|Any CPU
		{168BE615-DA0F-42FA-98F4-6694034DBF8A}.Debug|Any CPU.ActiveCfg = Debug|Any CPU
		{168BE615-DA0F-42FA-98F4-6694034DBF8A}.Debug|Any CPU.Build.0 = Debug|Any CPU
		{168BE615-DA0F-42FA-98F4-6694034DBF8A}.Release|Any CPU.ActiveCfg = Release|Any CPU
		{168BE615-DA0F-42FA-98F4-6694034DBF8A}.Release|Any CPU.Build.0 = Release|Any CPU
		{0C3B9DEA-FC31-4039-ABB1-A087BB452B49}.Debug|Any CPU.ActiveCfg = Debug|Any CPU
		{0C3B9DEA-FC31-4039-ABB1-A087BB452B49}.Debug|Any CPU.Build.0 = Debug|Any CPU
		{0C3B9DEA-FC31-4039-ABB1-A087BB452B49}.Release|Any CPU.ActiveCfg = Release|Any CPU
		{0C3B9DEA-FC31-4039-ABB1-A087BB452B49}.Release|Any CPU.Build.0 = Release|Any CPU
		{D4B74841-E40B-4856-92B4-BD98FB083DD5}.Debug|Any CPU.ActiveCfg = Debug|Any CPU
		{D4B74841-E40B-4856-92B4-BD98FB083DD5}.Debug|Any CPU.Build.0 = Debug|Any CPU
		{D4B74841-E40B-4856-92B4-BD98FB083DD5}.Release|Any CPU.ActiveCfg = Release|Any CPU
		{D4B74841-E40B-4856-92B4-BD98FB083DD5}.Release|Any CPU.Build.0 = Release|Any CPU
		{21B57D41-646E-43E3-B146-15F7CDE92A5E}.Debug|Any CPU.ActiveCfg = Debug|Any CPU
		{21B57D41-646E-43E3-B146-15F7CDE92A5E}.Debug|Any CPU.Build.0 = Debug|Any CPU
		{21B57D41-646E-43E3-B146-15F7CDE92A5E}.Release|Any CPU.ActiveCfg = Release|Any CPU
		{21B57D41-646E-43E3-B146-15F7CDE92A5E}.Release|Any CPU.Build.0 = Release|Any CPU
	EndGlobalSection
	GlobalSection(SolutionProperties) = preSolution
		HideSolutionNode = FALSE
	EndGlobalSection
	GlobalSection(NestedProjects) = preSolution
		{1C5D3B56-8C59-4ABC-8E66-CBE971633FA7} = {1E6B9E8D-D5C1-4AD7-89F9-7179FEFD7C01}
		{486C8629-0E65-47E9-9BA4-8180E682C1F8} = {DFF0464B-5402-4DD6-86F5-2AEC1163B232}
		{D15AE572-FE92-4307-8262-37A3CA276B8F} = {1E6B9E8D-D5C1-4AD7-89F9-7179FEFD7C01}
		{D792EF2A-63EB-460B-8FB7-8D6DDDAB4604} = {DFF0464B-5402-4DD6-86F5-2AEC1163B232}
		{A634FA1F-CF60-4B61-93CF-464D0F42E795} = {1E6B9E8D-D5C1-4AD7-89F9-7179FEFD7C01}
		{51C56751-CEDC-40BE-86AD-A2A1A6A1A806} = {DFF0464B-5402-4DD6-86F5-2AEC1163B232}
		{CE407E98-8E1F-49A0-8ADE-D25F4D47B875} = {DFF0464B-5402-4DD6-86F5-2AEC1163B232}
		{BDF77DF1-C10B-4358-9BAA-22860DC7A0A9} = {DFF0464B-5402-4DD6-86F5-2AEC1163B232}
		{DE0847EF-92D0-402F-8223-500AEE136ECD} = {DFF0464B-5402-4DD6-86F5-2AEC1163B232}
		{221C96FA-49F3-456E-AA6A-53BB22956578} = {1E6B9E8D-D5C1-4AD7-89F9-7179FEFD7C01}
		{B8978FDF-E9A9-42D0-9234-32C8BA0411A9} = {DFF0464B-5402-4DD6-86F5-2AEC1163B232}
		{0570DCCD-B666-42F3-9AA4-9F1394E6C904} = {DFF0464B-5402-4DD6-86F5-2AEC1163B232}
		{BCA80B2B-871B-4A6F-B719-5FF6017BC572} = {DFF0464B-5402-4DD6-86F5-2AEC1163B232}
		{32041945-7035-410D-A1D5-E5779122114A} = {1E6B9E8D-D5C1-4AD7-89F9-7179FEFD7C01}
		{0DBA5587-9ECE-4E86-B798-FCF28A130A0F} = {DFF0464B-5402-4DD6-86F5-2AEC1163B232}
		{0B306A5A-FCEC-4E0B-A800-ECC9F94FFDC9} = {1E6B9E8D-D5C1-4AD7-89F9-7179FEFD7C01}
		{1192F00E-070E-426B-9DF1-AD5E1C44AB7D} = {DFF0464B-5402-4DD6-86F5-2AEC1163B232}
		{7391E502-1385-4DE4-BD0F-9BD2A9ECC6D9} = {DFF0464B-5402-4DD6-86F5-2AEC1163B232}
		{8B47606D-901C-404F-9AD0-C156F39A61DF} = {1C5D3B56-8C59-4ABC-8E66-CBE971633FA7}
		{883F1591-5B8E-4D5D-85DE-ED96069F2A13} = {DFF0464B-5402-4DD6-86F5-2AEC1163B232}
		{E4D541BF-CD9B-4CE0-AAA7-ED87E99EC9BD} = {DFF0464B-5402-4DD6-86F5-2AEC1163B232}
		{E16465B4-280D-4019-A81F-D36D11C07802} = {1E6B9E8D-D5C1-4AD7-89F9-7179FEFD7C01}
		{A776FDCE-FDD0-46AF-B2AE-55CF7D3315FF} = {DFF0464B-5402-4DD6-86F5-2AEC1163B232}
		{47279576-BA2A-4941-96BD-E4B913B50B4A} = {1E6B9E8D-D5C1-4AD7-89F9-7179FEFD7C01}
		{B21CDFC5-81C3-4E29-B7FF-C11B5EC43456} = {DFF0464B-5402-4DD6-86F5-2AEC1163B232}
		{26172FE6-890F-4D45-83B2-3F28193843AF} = {1C5D3B56-8C59-4ABC-8E66-CBE971633FA7}
		{26898200-F326-46B8-A202-81167B6048F3} = {1E6B9E8D-D5C1-4AD7-89F9-7179FEFD7C01}
		{FB797CC0-A394-4977-86B0-47F16672DDE8} = {DFF0464B-5402-4DD6-86F5-2AEC1163B232}
		{F90B1606-F375-4C84-9118-AB0C1DDEB0DF} = {DFF0464B-5402-4DD6-86F5-2AEC1163B232}
		{DA281194-390E-40E4-861B-A034CD6943B7} = {DFF0464B-5402-4DD6-86F5-2AEC1163B232}
		{5023EDC4-AC43-4E11-9D9A-021F0F51EE78} = {1E6B9E8D-D5C1-4AD7-89F9-7179FEFD7C01}
		{B93E2627-CA5B-4242-8283-5B69240EF97B} = {1C5D3B56-8C59-4ABC-8E66-CBE971633FA7}
		{43442BE2-6533-4B91-809C-78C79A0BE67B} = {DFF0464B-5402-4DD6-86F5-2AEC1163B232}
		{91103AD5-286A-45C6-8901-400269B1F939} = {1E6B9E8D-D5C1-4AD7-89F9-7179FEFD7C01}
		{1CC8525B-3F36-4ED0-BD5A-18DCEA19167E} = {DFF0464B-5402-4DD6-86F5-2AEC1163B232}
		{84A0E5BB-A09E-4C7A-B250-E8E1833337D4} = {DFF0464B-5402-4DD6-86F5-2AEC1163B232}
		{83A5E0C4-D1C5-4B4E-A6D9-3867DEE8DE4D} = {1E6B9E8D-D5C1-4AD7-89F9-7179FEFD7C01}
		{C4E96BC2-CFD1-4772-BAF2-3CD91EAA9EF2} = {1E6B9E8D-D5C1-4AD7-89F9-7179FEFD7C01}
		{9CFDFE77-85B0-45C1-81BD-82E5C94963FC} = {DFF0464B-5402-4DD6-86F5-2AEC1163B232}
		{9CA0EF1A-AA65-4EAA-B412-A5F4187844B9} = {DFF0464B-5402-4DD6-86F5-2AEC1163B232}
		{CBA2FACD-067A-420D-B44E-5515096845E1} = {DFF0464B-5402-4DD6-86F5-2AEC1163B232}
		{6165D0BF-77A2-4E72-9D6B-709515F71208} = {DFF0464B-5402-4DD6-86F5-2AEC1163B232}
		{66A8C3E4-E2C0-436B-8475-C7364ACC6B55} = {1E6B9E8D-D5C1-4AD7-89F9-7179FEFD7C01}
		{0AD3082B-68F2-4FE2-B53E-8BE6BEA2EB74} = {1E6B9E8D-D5C1-4AD7-89F9-7179FEFD7C01}
		{0CA8B27D-292C-4D57-AD88-EB0073C68F31} = {1E6B9E8D-D5C1-4AD7-89F9-7179FEFD7C01}
		{F6F5F70B-2217-403F-AB87-6DFA9AD6692F} = {1E6B9E8D-D5C1-4AD7-89F9-7179FEFD7C01}
		{AABAB6E5-B9E5-425B-8B2D-CD7050426487} = {DFF0464B-5402-4DD6-86F5-2AEC1163B232}
		{4530442B-8E27-4285-A491-7FAAFAC3D4F2} = {DFF0464B-5402-4DD6-86F5-2AEC1163B232}
		{E5A2A9D4-E03E-45EB-BD88-DFFFCE087869} = {DFF0464B-5402-4DD6-86F5-2AEC1163B232}
		{8109EC69-284F-4376-AF0B-D6D5D14F88B2} = {1E6B9E8D-D5C1-4AD7-89F9-7179FEFD7C01}
		{8C6595EA-C3CD-47E6-AE98-9E8ADFD92E67} = {DFF0464B-5402-4DD6-86F5-2AEC1163B232}
		{CC0B4F62-6774-4AFD-9244-16116767A760} = {1C5D3B56-8C59-4ABC-8E66-CBE971633FA7}
		{FA588E3F-FBC1-4B2E-B1FF-0628758422F7} = {DFF0464B-5402-4DD6-86F5-2AEC1163B232}
		{5779DD70-E43D-4429-8D8D-1DD429392F0D} = {DFF0464B-5402-4DD6-86F5-2AEC1163B232}
		{DE3D4F5B-70A2-488B-A478-2C73FFE36D46} = {DFF0464B-5402-4DD6-86F5-2AEC1163B232}
		{01F71E3D-5010-43AA-870A-ADED860FF73B} = {DFF0464B-5402-4DD6-86F5-2AEC1163B232}
		{BC2B3FA8-40D1-49AF-AD73-703A163F1BAD} = {DFF0464B-5402-4DD6-86F5-2AEC1163B232}
		{0A5E11F6-02FC-4244-90C2-888209506694} = {DFF0464B-5402-4DD6-86F5-2AEC1163B232}
		{31BCFB0E-8930-49DE-9587-DA83B3968CFB} = {DFF0464B-5402-4DD6-86F5-2AEC1163B232}
		{E262671E-572A-41A6-8FF5-E77FEF6F22DE} = {DFF0464B-5402-4DD6-86F5-2AEC1163B232}
		{83033E58-88EB-4746-A15D-02E3DC1BB03A} = {1E6B9E8D-D5C1-4AD7-89F9-7179FEFD7C01}
		{3B7382DA-99D4-48AA-B8B9-16D905D60BFF} = {1E6B9E8D-D5C1-4AD7-89F9-7179FEFD7C01}
		{168BE615-DA0F-42FA-98F4-6694034DBF8A} = {1E6B9E8D-D5C1-4AD7-89F9-7179FEFD7C01}
		{0C3B9DEA-FC31-4039-ABB1-A087BB452B49} = {DFF0464B-5402-4DD6-86F5-2AEC1163B232}
		{D4B74841-E40B-4856-92B4-BD98FB083DD5} = {DFF0464B-5402-4DD6-86F5-2AEC1163B232}
		{21B57D41-646E-43E3-B146-15F7CDE92A5E} = {DFF0464B-5402-4DD6-86F5-2AEC1163B232}
	EndGlobalSection
	GlobalSection(ExtensibilityGlobals) = postSolution
		SolutionGuid = {5A1CB38E-F77D-4A40-B3A9-9A70C3F3BC6D}
	EndGlobalSection
EndGlobal
