
Microsoft Visual Studio Solution File, Format Version 12.00
# Visual Studio 14
VisualStudioVersion = 14.0.25420.1
MinimumVisualStudioVersion = 10.0.40219.1
Project("{2150E333-8FDC-42A3-9474-1A3956D46DE8}") = "src", "src", "{DFF0464B-5402-4DD6-86F5-2AEC1163B232}"
EndProject
Project("{2150E333-8FDC-42A3-9474-1A3956D46DE8}") = "Solution Items", "Solution Items", "{E2098634-558B-4FC5-A002-38E02CCA1F68}"
	ProjectSection(SolutionItems) = preProject
		global.json = global.json
	EndProjectSection
EndProject
Project("{8BB2217D-0F2D-49D1-97BC-3654ED321F3B}") = "Abp", "src\Abp\Abp.xproj", "{486C8629-0E65-47E9-9BA4-8180E682C1F8}"
EndProject
Project("{2150E333-8FDC-42A3-9474-1A3956D46DE8}") = "test", "test", "{1E6B9E8D-D5C1-4AD7-89F9-7179FEFD7C01}"
EndProject
Project("{8BB2217D-0F2D-49D1-97BC-3654ED321F3B}") = "Abp.Tests", "test\Abp.Tests\Abp.Tests.xproj", "{D15AE572-FE92-4307-8262-37A3CA276B8F}"
EndProject
Project("{8BB2217D-0F2D-49D1-97BC-3654ED321F3B}") = "Abp.AutoMapper", "src\Abp.AutoMapper\Abp.AutoMapper.xproj", "{D792EF2A-63EB-460B-8FB7-8D6DDDAB4604}"
EndProject
Project("{8BB2217D-0F2D-49D1-97BC-3654ED321F3B}") = "Abp.AutoMapper.Tests", "test\Abp.AutoMapper.Tests\Abp.AutoMapper.Tests.xproj", "{A634FA1F-CF60-4B61-93CF-464D0F42E795}"
EndProject
Project("{8BB2217D-0F2D-49D1-97BC-3654ED321F3B}") = "Abp.EntityFramework", "src\Abp.EntityFramework\Abp.EntityFramework.xproj", "{51C56751-CEDC-40BE-86AD-A2A1A6A1A806}"
EndProject
Project("{8BB2217D-0F2D-49D1-97BC-3654ED321F3B}") = "Abp.EntityFramework.Tests", "test\Abp.EntityFramework.Tests\Abp.EntityFramework.Tests.xproj", "{721DDE83-9334-4BC7-8E45-58A336359786}"
EndProject
Project("{8BB2217D-0F2D-49D1-97BC-3654ED321F3B}") = "Abp.FluentMigrator", "src\Abp.FluentMigrator\Abp.FluentMigrator.xproj", "{CE407E98-8E1F-49A0-8ADE-D25F4D47B875}"
EndProject
Project("{8BB2217D-0F2D-49D1-97BC-3654ED321F3B}") = "Abp.HangFire", "src\Abp.HangFire\Abp.HangFire.xproj", "{BDF77DF1-C10B-4358-9BAA-22860DC7A0A9}"
EndProject
Project("{8BB2217D-0F2D-49D1-97BC-3654ED321F3B}") = "Abp.MemoryDb", "src\Abp.MemoryDb\Abp.MemoryDb.xproj", "{DE0847EF-92D0-402F-8223-500AEE136ECD}"
EndProject
Project("{8BB2217D-0F2D-49D1-97BC-3654ED321F3B}") = "Abp.MemoryDb.Tests", "test\Abp.MemoryDb.Tests\Abp.MemoryDb.Tests.xproj", "{221C96FA-49F3-456E-AA6A-53BB22956578}"
EndProject
Project("{8BB2217D-0F2D-49D1-97BC-3654ED321F3B}") = "Abp.MongoDB", "src\Abp.MongoDB\Abp.MongoDB.xproj", "{B8978FDF-E9A9-42D0-9234-32C8BA0411A9}"
EndProject
Project("{8BB2217D-0F2D-49D1-97BC-3654ED321F3B}") = "Abp.NHibernate", "src\Abp.NHibernate\Abp.NHibernate.xproj", "{0570DCCD-B666-42F3-9AA4-9F1394E6C904}"
EndProject
Project("{8BB2217D-0F2D-49D1-97BC-3654ED321F3B}") = "Abp.NHibernate.Tests", "test\Abp.NHibernate.Tests\Abp.NHibernate.Tests.xproj", "{CED2AC21-F052-4654-BBA3-01556BE2C61B}"
EndProject
Project("{8BB2217D-0F2D-49D1-97BC-3654ED321F3B}") = "Abp.TestBase", "src\Abp.TestBase\Abp.TestBase.xproj", "{BCA80B2B-871B-4A6F-B719-5FF6017BC572}"
EndProject
Project("{8BB2217D-0F2D-49D1-97BC-3654ED321F3B}") = "Abp.TestBase.Tests", "test\Abp.TestBase.Tests\Abp.TestBase.Tests.xproj", "{32041945-7035-410D-A1D5-E5779122114A}"
EndProject
Project("{8BB2217D-0F2D-49D1-97BC-3654ED321F3B}") = "Abp.TestBase.SampleApplication", "test\Abp.TestBase.SampleApplication\Abp.TestBase.SampleApplication.xproj", "{D0BBBAD1-D373-45EB-8346-4AD629AFCAC0}"
EndProject
Project("{8BB2217D-0F2D-49D1-97BC-3654ED321F3B}") = "Abp.TestBase.SampleApplication.Tests", "test\Abp.TestBase.SampleApplication.Tests\Abp.TestBase.SampleApplication.Tests.xproj", "{C6C58C8F-CDF4-42E2-8088-332D776B2780}"
EndProject
Project("{8BB2217D-0F2D-49D1-97BC-3654ED321F3B}") = "Abp.Owin", "src\Abp.Owin\Abp.Owin.xproj", "{558FB5A4-09AD-469E-8865-30B903C17F47}"
EndProject
Project("{8BB2217D-0F2D-49D1-97BC-3654ED321F3B}") = "Abp.RedisCache", "src\Abp.RedisCache\Abp.RedisCache.xproj", "{0DBA5587-9ECE-4E86-B798-FCF28A130A0F}"
EndProject
Project("{8BB2217D-0F2D-49D1-97BC-3654ED321F3B}") = "Abp.RedisCache.Tests", "test\Abp.RedisCache.Tests\Abp.RedisCache.Tests.xproj", "{0B306A5A-FCEC-4E0B-A800-ECC9F94FFDC9}"
EndProject
Project("{8BB2217D-0F2D-49D1-97BC-3654ED321F3B}") = "Abp.Web", "src\Abp.Web\Abp.Web.xproj", "{BDB8FAF9-A297-46E8-9EFA-FC806A670B88}"
EndProject
Project("{8BB2217D-0F2D-49D1-97BC-3654ED321F3B}") = "Abp.Web.Tests", "test\Abp.Web.Tests\Abp.Web.Tests.xproj", "{FFFDF573-B8E2-4454-8356-4B1928961D7F}"
EndProject
Project("{8BB2217D-0F2D-49D1-97BC-3654ED321F3B}") = "Abp.Web.Api", "src\Abp.Web.Api\Abp.Web.Api.xproj", "{2F6778B1-E0EE-49D7-8FCE-92508D6D0D8E}"
EndProject
Project("{8BB2217D-0F2D-49D1-97BC-3654ED321F3B}") = "Abp.Web.Api.Tests", "test\Abp.Web.Api.Tests\Abp.Web.Api.Tests.xproj", "{BBC6FFDB-8654-4A45-9696-C4FEE20B5073}"
EndProject
Project("{8BB2217D-0F2D-49D1-97BC-3654ED321F3B}") = "Abp.Web.Api.OData", "src\Abp.Web.Api.OData\Abp.Web.Api.OData.xproj", "{5574CDE0-6734-457E-9B30-6371FAA37ECF}"
EndProject
Project("{8BB2217D-0F2D-49D1-97BC-3654ED321F3B}") = "Abp.Web.Mvc", "src\Abp.Web.Mvc\Abp.Web.Mvc.xproj", "{D2C8ED70-6ED1-4539-A7F0-D8FE89904530}"
EndProject
Project("{8BB2217D-0F2D-49D1-97BC-3654ED321F3B}") = "Abp.Web.Mvc.Tests", "test\Abp.Web.Mvc.Tests\Abp.Web.Mvc.Tests.xproj", "{8BCDAE4C-3F02-42CF-854D-A9A1EDC507C3}"
EndProject
Project("{8BB2217D-0F2D-49D1-97BC-3654ED321F3B}") = "Abp.Web.Resources", "src\Abp.Web.Resources\Abp.Web.Resources.xproj", "{1192F00E-070E-426B-9DF1-AD5E1C44AB7D}"
EndProject
Project("{8BB2217D-0F2D-49D1-97BC-3654ED321F3B}") = "Abp.Web.SignalR", "src\Abp.Web.SignalR\Abp.Web.SignalR.xproj", "{145B3DC6-599E-4FE2-BD76-A52DF3A86870}"
EndProject
Project("{8BB2217D-0F2D-49D1-97BC-3654ED321F3B}") = "Abp.EntityFramework.GraphDiff", "src\Abp.EntityFramework.GraphDiff\Abp.EntityFramework.GraphDiff.xproj", "{F9066A34-8822-427D-9E62-B2BBA2B3A618}"
EndProject
Project("{8BB2217D-0F2D-49D1-97BC-3654ED321F3B}") = "Abp.EntityFramework.GraphDiff.Tests", "test\Abp.EntityFramework.GraphDiff.Tests\Abp.EntityFramework.GraphDiff.Tests.xproj", "{69EAF8EE-F4DA-44D5-8D10-A3D0D085717C}"
EndProject
Project("{8BB2217D-0F2D-49D1-97BC-3654ED321F3B}") = "Abp.AspNetCore", "src\Abp.AspNetCore\Abp.AspNetCore.xproj", "{7391E502-1385-4DE4-BD0F-9BD2A9ECC6D9}"
EndProject
Project("{2150E333-8FDC-42A3-9474-1A3956D46DE8}") = "aspnet-core-demo", "aspnet-core-demo", "{1C5D3B56-8C59-4ABC-8E66-CBE971633FA7}"
EndProject
Project("{8BB2217D-0F2D-49D1-97BC-3654ED321F3B}") = "AbpAspNetCoreDemo.Core", "test\aspnet-core-demo\AbpAspNetCoreDemo.Core\AbpAspNetCoreDemo.Core.xproj", "{8B47606D-901C-404F-9AD0-C156F39A61DF}"
EndProject
Project("{8BB2217D-0F2D-49D1-97BC-3654ED321F3B}") = "Abp.Web.Common", "src\Abp.Web.Common\Abp.Web.Common.xproj", "{883F1591-5B8E-4D5D-85DE-ED96069F2A13}"
EndProject
Project("{8BB2217D-0F2D-49D1-97BC-3654ED321F3B}") = "Abp.EntityFrameworkCore", "src\Abp.EntityFrameworkCore\Abp.EntityFrameworkCore.xproj", "{E4D541BF-CD9B-4CE0-AAA7-ED87E99EC9BD}"
EndProject
Project("{8BB2217D-0F2D-49D1-97BC-3654ED321F3B}") = "Abp.EntityFrameworkCore.Tests", "test\Abp.EntityFrameworkCore.Tests\Abp.EntityFrameworkCore.Tests.xproj", "{E16465B4-280D-4019-A81F-D36D11C07802}"
EndProject
Project("{8BB2217D-0F2D-49D1-97BC-3654ED321F3B}") = "Abp.EntityFramework.Common", "src\Abp.EntityFramework.Common\Abp.EntityFramework.Common.xproj", "{A776FDCE-FDD0-46AF-B2AE-55CF7D3315FF}"
EndProject
Project("{8BB2217D-0F2D-49D1-97BC-3654ED321F3B}") = "Abp.AspNetCore.Tests", "test\Abp.AspNetCore.Tests\Abp.AspNetCore.Tests.xproj", "{47279576-BA2A-4941-96BD-E4B913B50B4A}"
EndProject
Project("{8BB2217D-0F2D-49D1-97BC-3654ED321F3B}") = "Abp.AspNetCore.TestBase", "src\Abp.AspNetCore.TestBase\Abp.AspNetCore.TestBase.xproj", "{B21CDFC5-81C3-4E29-B7FF-C11B5EC43456}"
EndProject
Project("{8BB2217D-0F2D-49D1-97BC-3654ED321F3B}") = "AbpAspNetCoreDemo", "test\aspnet-core-demo\AbpAspNetCoreDemo\AbpAspNetCoreDemo.xproj", "{26172FE6-890F-4D45-83B2-3F28193843AF}"
EndProject
Project("{8BB2217D-0F2D-49D1-97BC-3654ED321F3B}") = "Abp.Web.Common.Tests", "test\Abp.Web.Common.Tests\Abp.Web.Common.Tests.xproj", "{26898200-F326-46B8-A202-81167B6048F3}"
EndProject
Project("{8BB2217D-0F2D-49D1-97BC-3654ED321F3B}") = "Abp.Castle.Log4Net", "src\Abp.Castle.Log4Net\Abp.Castle.Log4Net.xproj", "{FB797CC0-A394-4977-86B0-47F16672DDE8}"
EndProject
Project("{8BB2217D-0F2D-49D1-97BC-3654ED321F3B}") = "Abp.Quartz", "src\Abp.Quartz\Abp.Quartz.xproj", "{F90B1606-F375-4C84-9118-AB0C1DDEB0DF}"
EndProject
Project("{8BB2217D-0F2D-49D1-97BC-3654ED321F3B}") = "Abp.RedisCache.ProtoBuf", "src\Abp.RedisCache.ProtoBuf\Abp.RedisCache.ProtoBuf.xproj", "{DA281194-390E-40E4-861B-A034CD6943B7}"
EndProject
Global
	GlobalSection(SolutionConfigurationPlatforms) = preSolution
		Debug|Any CPU = Debug|Any CPU
		Release|Any CPU = Release|Any CPU
	EndGlobalSection
	GlobalSection(ProjectConfigurationPlatforms) = postSolution
		{486C8629-0E65-47E9-9BA4-8180E682C1F8}.Debug|Any CPU.ActiveCfg = Debug|Any CPU
		{486C8629-0E65-47E9-9BA4-8180E682C1F8}.Debug|Any CPU.Build.0 = Debug|Any CPU
		{486C8629-0E65-47E9-9BA4-8180E682C1F8}.Release|Any CPU.ActiveCfg = Release|Any CPU
		{486C8629-0E65-47E9-9BA4-8180E682C1F8}.Release|Any CPU.Build.0 = Release|Any CPU
		{D15AE572-FE92-4307-8262-37A3CA276B8F}.Debug|Any CPU.ActiveCfg = Debug|Any CPU
		{D15AE572-FE92-4307-8262-37A3CA276B8F}.Debug|Any CPU.Build.0 = Debug|Any CPU
		{D15AE572-FE92-4307-8262-37A3CA276B8F}.Release|Any CPU.ActiveCfg = Release|Any CPU
		{D15AE572-FE92-4307-8262-37A3CA276B8F}.Release|Any CPU.Build.0 = Release|Any CPU
		{D792EF2A-63EB-460B-8FB7-8D6DDDAB4604}.Debug|Any CPU.ActiveCfg = Debug|Any CPU
		{D792EF2A-63EB-460B-8FB7-8D6DDDAB4604}.Debug|Any CPU.Build.0 = Debug|Any CPU
		{D792EF2A-63EB-460B-8FB7-8D6DDDAB4604}.Release|Any CPU.ActiveCfg = Release|Any CPU
		{D792EF2A-63EB-460B-8FB7-8D6DDDAB4604}.Release|Any CPU.Build.0 = Release|Any CPU
		{A634FA1F-CF60-4B61-93CF-464D0F42E795}.Debug|Any CPU.ActiveCfg = Debug|Any CPU
		{A634FA1F-CF60-4B61-93CF-464D0F42E795}.Debug|Any CPU.Build.0 = Debug|Any CPU
		{A634FA1F-CF60-4B61-93CF-464D0F42E795}.Release|Any CPU.ActiveCfg = Release|Any CPU
		{A634FA1F-CF60-4B61-93CF-464D0F42E795}.Release|Any CPU.Build.0 = Release|Any CPU
		{51C56751-CEDC-40BE-86AD-A2A1A6A1A806}.Debug|Any CPU.ActiveCfg = Debug|Any CPU
		{51C56751-CEDC-40BE-86AD-A2A1A6A1A806}.Debug|Any CPU.Build.0 = Debug|Any CPU
		{51C56751-CEDC-40BE-86AD-A2A1A6A1A806}.Release|Any CPU.ActiveCfg = Release|Any CPU
		{51C56751-CEDC-40BE-86AD-A2A1A6A1A806}.Release|Any CPU.Build.0 = Release|Any CPU
		{721DDE83-9334-4BC7-8E45-58A336359786}.Debug|Any CPU.ActiveCfg = Debug|Any CPU
		{721DDE83-9334-4BC7-8E45-58A336359786}.Debug|Any CPU.Build.0 = Debug|Any CPU
		{721DDE83-9334-4BC7-8E45-58A336359786}.Release|Any CPU.ActiveCfg = Release|Any CPU
		{721DDE83-9334-4BC7-8E45-58A336359786}.Release|Any CPU.Build.0 = Release|Any CPU
		{CE407E98-8E1F-49A0-8ADE-D25F4D47B875}.Debug|Any CPU.ActiveCfg = Debug|Any CPU
		{CE407E98-8E1F-49A0-8ADE-D25F4D47B875}.Debug|Any CPU.Build.0 = Debug|Any CPU
		{CE407E98-8E1F-49A0-8ADE-D25F4D47B875}.Release|Any CPU.ActiveCfg = Release|Any CPU
		{CE407E98-8E1F-49A0-8ADE-D25F4D47B875}.Release|Any CPU.Build.0 = Release|Any CPU
		{BDF77DF1-C10B-4358-9BAA-22860DC7A0A9}.Debug|Any CPU.ActiveCfg = Debug|Any CPU
		{BDF77DF1-C10B-4358-9BAA-22860DC7A0A9}.Debug|Any CPU.Build.0 = Debug|Any CPU
		{BDF77DF1-C10B-4358-9BAA-22860DC7A0A9}.Release|Any CPU.ActiveCfg = Release|Any CPU
		{BDF77DF1-C10B-4358-9BAA-22860DC7A0A9}.Release|Any CPU.Build.0 = Release|Any CPU
		{DE0847EF-92D0-402F-8223-500AEE136ECD}.Debug|Any CPU.ActiveCfg = Debug|Any CPU
		{DE0847EF-92D0-402F-8223-500AEE136ECD}.Debug|Any CPU.Build.0 = Debug|Any CPU
		{DE0847EF-92D0-402F-8223-500AEE136ECD}.Release|Any CPU.ActiveCfg = Release|Any CPU
		{DE0847EF-92D0-402F-8223-500AEE136ECD}.Release|Any CPU.Build.0 = Release|Any CPU
		{221C96FA-49F3-456E-AA6A-53BB22956578}.Debug|Any CPU.ActiveCfg = Debug|Any CPU
		{221C96FA-49F3-456E-AA6A-53BB22956578}.Debug|Any CPU.Build.0 = Debug|Any CPU
		{221C96FA-49F3-456E-AA6A-53BB22956578}.Release|Any CPU.ActiveCfg = Release|Any CPU
		{221C96FA-49F3-456E-AA6A-53BB22956578}.Release|Any CPU.Build.0 = Release|Any CPU
		{B8978FDF-E9A9-42D0-9234-32C8BA0411A9}.Debug|Any CPU.ActiveCfg = Debug|Any CPU
		{B8978FDF-E9A9-42D0-9234-32C8BA0411A9}.Debug|Any CPU.Build.0 = Debug|Any CPU
		{B8978FDF-E9A9-42D0-9234-32C8BA0411A9}.Release|Any CPU.ActiveCfg = Release|Any CPU
		{B8978FDF-E9A9-42D0-9234-32C8BA0411A9}.Release|Any CPU.Build.0 = Release|Any CPU
		{0570DCCD-B666-42F3-9AA4-9F1394E6C904}.Debug|Any CPU.ActiveCfg = Debug|Any CPU
		{0570DCCD-B666-42F3-9AA4-9F1394E6C904}.Debug|Any CPU.Build.0 = Debug|Any CPU
		{0570DCCD-B666-42F3-9AA4-9F1394E6C904}.Release|Any CPU.ActiveCfg = Release|Any CPU
		{0570DCCD-B666-42F3-9AA4-9F1394E6C904}.Release|Any CPU.Build.0 = Release|Any CPU
		{CED2AC21-F052-4654-BBA3-01556BE2C61B}.Debug|Any CPU.ActiveCfg = Debug|Any CPU
		{CED2AC21-F052-4654-BBA3-01556BE2C61B}.Debug|Any CPU.Build.0 = Debug|Any CPU
		{CED2AC21-F052-4654-BBA3-01556BE2C61B}.Release|Any CPU.ActiveCfg = Release|Any CPU
		{CED2AC21-F052-4654-BBA3-01556BE2C61B}.Release|Any CPU.Build.0 = Release|Any CPU
		{BCA80B2B-871B-4A6F-B719-5FF6017BC572}.Debug|Any CPU.ActiveCfg = Debug|Any CPU
		{BCA80B2B-871B-4A6F-B719-5FF6017BC572}.Debug|Any CPU.Build.0 = Debug|Any CPU
		{BCA80B2B-871B-4A6F-B719-5FF6017BC572}.Release|Any CPU.ActiveCfg = Release|Any CPU
		{BCA80B2B-871B-4A6F-B719-5FF6017BC572}.Release|Any CPU.Build.0 = Release|Any CPU
		{32041945-7035-410D-A1D5-E5779122114A}.Debug|Any CPU.ActiveCfg = Debug|Any CPU
		{32041945-7035-410D-A1D5-E5779122114A}.Debug|Any CPU.Build.0 = Debug|Any CPU
		{32041945-7035-410D-A1D5-E5779122114A}.Release|Any CPU.ActiveCfg = Release|Any CPU
		{32041945-7035-410D-A1D5-E5779122114A}.Release|Any CPU.Build.0 = Release|Any CPU
		{D0BBBAD1-D373-45EB-8346-4AD629AFCAC0}.Debug|Any CPU.ActiveCfg = Debug|Any CPU
		{D0BBBAD1-D373-45EB-8346-4AD629AFCAC0}.Debug|Any CPU.Build.0 = Debug|Any CPU
		{D0BBBAD1-D373-45EB-8346-4AD629AFCAC0}.Release|Any CPU.ActiveCfg = Release|Any CPU
		{D0BBBAD1-D373-45EB-8346-4AD629AFCAC0}.Release|Any CPU.Build.0 = Release|Any CPU
		{C6C58C8F-CDF4-42E2-8088-332D776B2780}.Debug|Any CPU.ActiveCfg = Debug|Any CPU
		{C6C58C8F-CDF4-42E2-8088-332D776B2780}.Debug|Any CPU.Build.0 = Debug|Any CPU
		{C6C58C8F-CDF4-42E2-8088-332D776B2780}.Release|Any CPU.ActiveCfg = Release|Any CPU
		{C6C58C8F-CDF4-42E2-8088-332D776B2780}.Release|Any CPU.Build.0 = Release|Any CPU
		{558FB5A4-09AD-469E-8865-30B903C17F47}.Debug|Any CPU.ActiveCfg = Debug|Any CPU
		{558FB5A4-09AD-469E-8865-30B903C17F47}.Debug|Any CPU.Build.0 = Debug|Any CPU
		{558FB5A4-09AD-469E-8865-30B903C17F47}.Release|Any CPU.ActiveCfg = Release|Any CPU
		{558FB5A4-09AD-469E-8865-30B903C17F47}.Release|Any CPU.Build.0 = Release|Any CPU
		{0DBA5587-9ECE-4E86-B798-FCF28A130A0F}.Debug|Any CPU.ActiveCfg = Debug|Any CPU
		{0DBA5587-9ECE-4E86-B798-FCF28A130A0F}.Debug|Any CPU.Build.0 = Debug|Any CPU
		{0DBA5587-9ECE-4E86-B798-FCF28A130A0F}.Release|Any CPU.ActiveCfg = Release|Any CPU
		{0DBA5587-9ECE-4E86-B798-FCF28A130A0F}.Release|Any CPU.Build.0 = Release|Any CPU
		{0B306A5A-FCEC-4E0B-A800-ECC9F94FFDC9}.Debug|Any CPU.ActiveCfg = Debug|Any CPU
		{0B306A5A-FCEC-4E0B-A800-ECC9F94FFDC9}.Debug|Any CPU.Build.0 = Debug|Any CPU
		{0B306A5A-FCEC-4E0B-A800-ECC9F94FFDC9}.Release|Any CPU.ActiveCfg = Release|Any CPU
		{0B306A5A-FCEC-4E0B-A800-ECC9F94FFDC9}.Release|Any CPU.Build.0 = Release|Any CPU
		{BDB8FAF9-A297-46E8-9EFA-FC806A670B88}.Debug|Any CPU.ActiveCfg = Debug|Any CPU
		{BDB8FAF9-A297-46E8-9EFA-FC806A670B88}.Debug|Any CPU.Build.0 = Debug|Any CPU
		{BDB8FAF9-A297-46E8-9EFA-FC806A670B88}.Release|Any CPU.ActiveCfg = Release|Any CPU
		{BDB8FAF9-A297-46E8-9EFA-FC806A670B88}.Release|Any CPU.Build.0 = Release|Any CPU
		{FFFDF573-B8E2-4454-8356-4B1928961D7F}.Debug|Any CPU.ActiveCfg = Debug|Any CPU
		{FFFDF573-B8E2-4454-8356-4B1928961D7F}.Debug|Any CPU.Build.0 = Debug|Any CPU
		{FFFDF573-B8E2-4454-8356-4B1928961D7F}.Release|Any CPU.ActiveCfg = Release|Any CPU
		{FFFDF573-B8E2-4454-8356-4B1928961D7F}.Release|Any CPU.Build.0 = Release|Any CPU
		{2F6778B1-E0EE-49D7-8FCE-92508D6D0D8E}.Debug|Any CPU.ActiveCfg = Debug|Any CPU
		{2F6778B1-E0EE-49D7-8FCE-92508D6D0D8E}.Debug|Any CPU.Build.0 = Debug|Any CPU
		{2F6778B1-E0EE-49D7-8FCE-92508D6D0D8E}.Release|Any CPU.ActiveCfg = Release|Any CPU
		{2F6778B1-E0EE-49D7-8FCE-92508D6D0D8E}.Release|Any CPU.Build.0 = Release|Any CPU
		{BBC6FFDB-8654-4A45-9696-C4FEE20B5073}.Debug|Any CPU.ActiveCfg = Debug|Any CPU
		{BBC6FFDB-8654-4A45-9696-C4FEE20B5073}.Debug|Any CPU.Build.0 = Debug|Any CPU
		{BBC6FFDB-8654-4A45-9696-C4FEE20B5073}.Release|Any CPU.ActiveCfg = Release|Any CPU
		{BBC6FFDB-8654-4A45-9696-C4FEE20B5073}.Release|Any CPU.Build.0 = Release|Any CPU
		{5574CDE0-6734-457E-9B30-6371FAA37ECF}.Debug|Any CPU.ActiveCfg = Debug|Any CPU
		{5574CDE0-6734-457E-9B30-6371FAA37ECF}.Debug|Any CPU.Build.0 = Debug|Any CPU
		{5574CDE0-6734-457E-9B30-6371FAA37ECF}.Release|Any CPU.ActiveCfg = Release|Any CPU
		{5574CDE0-6734-457E-9B30-6371FAA37ECF}.Release|Any CPU.Build.0 = Release|Any CPU
		{D2C8ED70-6ED1-4539-A7F0-D8FE89904530}.Debug|Any CPU.ActiveCfg = Debug|Any CPU
		{D2C8ED70-6ED1-4539-A7F0-D8FE89904530}.Debug|Any CPU.Build.0 = Debug|Any CPU
		{D2C8ED70-6ED1-4539-A7F0-D8FE89904530}.Release|Any CPU.ActiveCfg = Release|Any CPU
		{D2C8ED70-6ED1-4539-A7F0-D8FE89904530}.Release|Any CPU.Build.0 = Release|Any CPU
		{8BCDAE4C-3F02-42CF-854D-A9A1EDC507C3}.Debug|Any CPU.ActiveCfg = Debug|Any CPU
		{8BCDAE4C-3F02-42CF-854D-A9A1EDC507C3}.Debug|Any CPU.Build.0 = Debug|Any CPU
		{8BCDAE4C-3F02-42CF-854D-A9A1EDC507C3}.Release|Any CPU.ActiveCfg = Release|Any CPU
		{8BCDAE4C-3F02-42CF-854D-A9A1EDC507C3}.Release|Any CPU.Build.0 = Release|Any CPU
		{1192F00E-070E-426B-9DF1-AD5E1C44AB7D}.Debug|Any CPU.ActiveCfg = Debug|Any CPU
		{1192F00E-070E-426B-9DF1-AD5E1C44AB7D}.Debug|Any CPU.Build.0 = Debug|Any CPU
		{1192F00E-070E-426B-9DF1-AD5E1C44AB7D}.Release|Any CPU.ActiveCfg = Release|Any CPU
		{1192F00E-070E-426B-9DF1-AD5E1C44AB7D}.Release|Any CPU.Build.0 = Release|Any CPU
		{145B3DC6-599E-4FE2-BD76-A52DF3A86870}.Debug|Any CPU.ActiveCfg = Debug|Any CPU
		{145B3DC6-599E-4FE2-BD76-A52DF3A86870}.Debug|Any CPU.Build.0 = Debug|Any CPU
		{145B3DC6-599E-4FE2-BD76-A52DF3A86870}.Release|Any CPU.ActiveCfg = Release|Any CPU
		{145B3DC6-599E-4FE2-BD76-A52DF3A86870}.Release|Any CPU.Build.0 = Release|Any CPU
		{F9066A34-8822-427D-9E62-B2BBA2B3A618}.Debug|Any CPU.ActiveCfg = Debug|Any CPU
		{F9066A34-8822-427D-9E62-B2BBA2B3A618}.Debug|Any CPU.Build.0 = Debug|Any CPU
		{F9066A34-8822-427D-9E62-B2BBA2B3A618}.Release|Any CPU.ActiveCfg = Release|Any CPU
		{F9066A34-8822-427D-9E62-B2BBA2B3A618}.Release|Any CPU.Build.0 = Release|Any CPU
		{69EAF8EE-F4DA-44D5-8D10-A3D0D085717C}.Debug|Any CPU.ActiveCfg = Debug|Any CPU
		{69EAF8EE-F4DA-44D5-8D10-A3D0D085717C}.Debug|Any CPU.Build.0 = Debug|Any CPU
		{69EAF8EE-F4DA-44D5-8D10-A3D0D085717C}.Release|Any CPU.ActiveCfg = Release|Any CPU
		{69EAF8EE-F4DA-44D5-8D10-A3D0D085717C}.Release|Any CPU.Build.0 = Release|Any CPU
		{7391E502-1385-4DE4-BD0F-9BD2A9ECC6D9}.Debug|Any CPU.ActiveCfg = Debug|Any CPU
		{7391E502-1385-4DE4-BD0F-9BD2A9ECC6D9}.Debug|Any CPU.Build.0 = Debug|Any CPU
		{7391E502-1385-4DE4-BD0F-9BD2A9ECC6D9}.Release|Any CPU.ActiveCfg = Release|Any CPU
		{7391E502-1385-4DE4-BD0F-9BD2A9ECC6D9}.Release|Any CPU.Build.0 = Release|Any CPU
		{8B47606D-901C-404F-9AD0-C156F39A61DF}.Debug|Any CPU.ActiveCfg = Debug|Any CPU
		{8B47606D-901C-404F-9AD0-C156F39A61DF}.Debug|Any CPU.Build.0 = Debug|Any CPU
		{8B47606D-901C-404F-9AD0-C156F39A61DF}.Release|Any CPU.ActiveCfg = Release|Any CPU
		{8B47606D-901C-404F-9AD0-C156F39A61DF}.Release|Any CPU.Build.0 = Release|Any CPU
		{883F1591-5B8E-4D5D-85DE-ED96069F2A13}.Debug|Any CPU.ActiveCfg = Debug|Any CPU
		{883F1591-5B8E-4D5D-85DE-ED96069F2A13}.Debug|Any CPU.Build.0 = Debug|Any CPU
		{883F1591-5B8E-4D5D-85DE-ED96069F2A13}.Release|Any CPU.ActiveCfg = Release|Any CPU
		{883F1591-5B8E-4D5D-85DE-ED96069F2A13}.Release|Any CPU.Build.0 = Release|Any CPU
		{E4D541BF-CD9B-4CE0-AAA7-ED87E99EC9BD}.Debug|Any CPU.ActiveCfg = Debug|Any CPU
		{E4D541BF-CD9B-4CE0-AAA7-ED87E99EC9BD}.Debug|Any CPU.Build.0 = Debug|Any CPU
		{E4D541BF-CD9B-4CE0-AAA7-ED87E99EC9BD}.Release|Any CPU.ActiveCfg = Release|Any CPU
		{E4D541BF-CD9B-4CE0-AAA7-ED87E99EC9BD}.Release|Any CPU.Build.0 = Release|Any CPU
		{E16465B4-280D-4019-A81F-D36D11C07802}.Debug|Any CPU.ActiveCfg = Debug|Any CPU
		{E16465B4-280D-4019-A81F-D36D11C07802}.Debug|Any CPU.Build.0 = Debug|Any CPU
		{E16465B4-280D-4019-A81F-D36D11C07802}.Release|Any CPU.ActiveCfg = Release|Any CPU
		{E16465B4-280D-4019-A81F-D36D11C07802}.Release|Any CPU.Build.0 = Release|Any CPU
		{A776FDCE-FDD0-46AF-B2AE-55CF7D3315FF}.Debug|Any CPU.ActiveCfg = Debug|Any CPU
		{A776FDCE-FDD0-46AF-B2AE-55CF7D3315FF}.Debug|Any CPU.Build.0 = Debug|Any CPU
		{A776FDCE-FDD0-46AF-B2AE-55CF7D3315FF}.Release|Any CPU.ActiveCfg = Release|Any CPU
		{A776FDCE-FDD0-46AF-B2AE-55CF7D3315FF}.Release|Any CPU.Build.0 = Release|Any CPU
		{47279576-BA2A-4941-96BD-E4B913B50B4A}.Debug|Any CPU.ActiveCfg = Debug|Any CPU
		{47279576-BA2A-4941-96BD-E4B913B50B4A}.Debug|Any CPU.Build.0 = Debug|Any CPU
		{47279576-BA2A-4941-96BD-E4B913B50B4A}.Release|Any CPU.ActiveCfg = Release|Any CPU
		{47279576-BA2A-4941-96BD-E4B913B50B4A}.Release|Any CPU.Build.0 = Release|Any CPU
		{B21CDFC5-81C3-4E29-B7FF-C11B5EC43456}.Debug|Any CPU.ActiveCfg = Debug|Any CPU
		{B21CDFC5-81C3-4E29-B7FF-C11B5EC43456}.Debug|Any CPU.Build.0 = Debug|Any CPU
		{B21CDFC5-81C3-4E29-B7FF-C11B5EC43456}.Release|Any CPU.ActiveCfg = Release|Any CPU
		{B21CDFC5-81C3-4E29-B7FF-C11B5EC43456}.Release|Any CPU.Build.0 = Release|Any CPU
		{26172FE6-890F-4D45-83B2-3F28193843AF}.Debug|Any CPU.ActiveCfg = Debug|Any CPU
		{26172FE6-890F-4D45-83B2-3F28193843AF}.Debug|Any CPU.Build.0 = Debug|Any CPU
		{26172FE6-890F-4D45-83B2-3F28193843AF}.Release|Any CPU.ActiveCfg = Release|Any CPU
		{26172FE6-890F-4D45-83B2-3F28193843AF}.Release|Any CPU.Build.0 = Release|Any CPU
		{26898200-F326-46B8-A202-81167B6048F3}.Debug|Any CPU.ActiveCfg = Debug|Any CPU
		{26898200-F326-46B8-A202-81167B6048F3}.Debug|Any CPU.Build.0 = Debug|Any CPU
		{26898200-F326-46B8-A202-81167B6048F3}.Release|Any CPU.ActiveCfg = Release|Any CPU
		{26898200-F326-46B8-A202-81167B6048F3}.Release|Any CPU.Build.0 = Release|Any CPU
		{FB797CC0-A394-4977-86B0-47F16672DDE8}.Debug|Any CPU.ActiveCfg = Debug|Any CPU
		{FB797CC0-A394-4977-86B0-47F16672DDE8}.Debug|Any CPU.Build.0 = Debug|Any CPU
		{FB797CC0-A394-4977-86B0-47F16672DDE8}.Release|Any CPU.ActiveCfg = Release|Any CPU
		{FB797CC0-A394-4977-86B0-47F16672DDE8}.Release|Any CPU.Build.0 = Release|Any CPU
		{F90B1606-F375-4C84-9118-AB0C1DDEB0DF}.Debug|Any CPU.ActiveCfg = Debug|Any CPU
		{F90B1606-F375-4C84-9118-AB0C1DDEB0DF}.Debug|Any CPU.Build.0 = Debug|Any CPU
		{F90B1606-F375-4C84-9118-AB0C1DDEB0DF}.Release|Any CPU.ActiveCfg = Release|Any CPU
		{F90B1606-F375-4C84-9118-AB0C1DDEB0DF}.Release|Any CPU.Build.0 = Release|Any CPU
		{DA281194-390E-40E4-861B-A034CD6943B7}.Debug|Any CPU.ActiveCfg = Debug|Any CPU
		{DA281194-390E-40E4-861B-A034CD6943B7}.Debug|Any CPU.Build.0 = Debug|Any CPU
		{DA281194-390E-40E4-861B-A034CD6943B7}.Release|Any CPU.ActiveCfg = Release|Any CPU
		{DA281194-390E-40E4-861B-A034CD6943B7}.Release|Any CPU.Build.0 = Release|Any CPU
	EndGlobalSection
	GlobalSection(SolutionProperties) = preSolution
		HideSolutionNode = FALSE
	EndGlobalSection
	GlobalSection(NestedProjects) = preSolution
		{486C8629-0E65-47E9-9BA4-8180E682C1F8} = {DFF0464B-5402-4DD6-86F5-2AEC1163B232}
		{D15AE572-FE92-4307-8262-37A3CA276B8F} = {1E6B9E8D-D5C1-4AD7-89F9-7179FEFD7C01}
		{D792EF2A-63EB-460B-8FB7-8D6DDDAB4604} = {DFF0464B-5402-4DD6-86F5-2AEC1163B232}
		{A634FA1F-CF60-4B61-93CF-464D0F42E795} = {1E6B9E8D-D5C1-4AD7-89F9-7179FEFD7C01}
		{51C56751-CEDC-40BE-86AD-A2A1A6A1A806} = {DFF0464B-5402-4DD6-86F5-2AEC1163B232}
		{721DDE83-9334-4BC7-8E45-58A336359786} = {1E6B9E8D-D5C1-4AD7-89F9-7179FEFD7C01}
		{CE407E98-8E1F-49A0-8ADE-D25F4D47B875} = {DFF0464B-5402-4DD6-86F5-2AEC1163B232}
		{BDF77DF1-C10B-4358-9BAA-22860DC7A0A9} = {DFF0464B-5402-4DD6-86F5-2AEC1163B232}
		{DE0847EF-92D0-402F-8223-500AEE136ECD} = {DFF0464B-5402-4DD6-86F5-2AEC1163B232}
		{221C96FA-49F3-456E-AA6A-53BB22956578} = {1E6B9E8D-D5C1-4AD7-89F9-7179FEFD7C01}
		{B8978FDF-E9A9-42D0-9234-32C8BA0411A9} = {DFF0464B-5402-4DD6-86F5-2AEC1163B232}
		{0570DCCD-B666-42F3-9AA4-9F1394E6C904} = {DFF0464B-5402-4DD6-86F5-2AEC1163B232}
		{CED2AC21-F052-4654-BBA3-01556BE2C61B} = {1E6B9E8D-D5C1-4AD7-89F9-7179FEFD7C01}
		{BCA80B2B-871B-4A6F-B719-5FF6017BC572} = {DFF0464B-5402-4DD6-86F5-2AEC1163B232}
		{32041945-7035-410D-A1D5-E5779122114A} = {1E6B9E8D-D5C1-4AD7-89F9-7179FEFD7C01}
		{D0BBBAD1-D373-45EB-8346-4AD629AFCAC0} = {1E6B9E8D-D5C1-4AD7-89F9-7179FEFD7C01}
		{C6C58C8F-CDF4-42E2-8088-332D776B2780} = {1E6B9E8D-D5C1-4AD7-89F9-7179FEFD7C01}
		{558FB5A4-09AD-469E-8865-30B903C17F47} = {DFF0464B-5402-4DD6-86F5-2AEC1163B232}
		{0DBA5587-9ECE-4E86-B798-FCF28A130A0F} = {DFF0464B-5402-4DD6-86F5-2AEC1163B232}
		{0B306A5A-FCEC-4E0B-A800-ECC9F94FFDC9} = {1E6B9E8D-D5C1-4AD7-89F9-7179FEFD7C01}
		{BDB8FAF9-A297-46E8-9EFA-FC806A670B88} = {DFF0464B-5402-4DD6-86F5-2AEC1163B232}
		{FFFDF573-B8E2-4454-8356-4B1928961D7F} = {1E6B9E8D-D5C1-4AD7-89F9-7179FEFD7C01}
		{2F6778B1-E0EE-49D7-8FCE-92508D6D0D8E} = {DFF0464B-5402-4DD6-86F5-2AEC1163B232}
		{BBC6FFDB-8654-4A45-9696-C4FEE20B5073} = {1E6B9E8D-D5C1-4AD7-89F9-7179FEFD7C01}
		{5574CDE0-6734-457E-9B30-6371FAA37ECF} = {DFF0464B-5402-4DD6-86F5-2AEC1163B232}
		{D2C8ED70-6ED1-4539-A7F0-D8FE89904530} = {DFF0464B-5402-4DD6-86F5-2AEC1163B232}
		{8BCDAE4C-3F02-42CF-854D-A9A1EDC507C3} = {1E6B9E8D-D5C1-4AD7-89F9-7179FEFD7C01}
		{1192F00E-070E-426B-9DF1-AD5E1C44AB7D} = {DFF0464B-5402-4DD6-86F5-2AEC1163B232}
		{145B3DC6-599E-4FE2-BD76-A52DF3A86870} = {DFF0464B-5402-4DD6-86F5-2AEC1163B232}
		{F9066A34-8822-427D-9E62-B2BBA2B3A618} = {DFF0464B-5402-4DD6-86F5-2AEC1163B232}
		{69EAF8EE-F4DA-44D5-8D10-A3D0D085717C} = {1E6B9E8D-D5C1-4AD7-89F9-7179FEFD7C01}
		{7391E502-1385-4DE4-BD0F-9BD2A9ECC6D9} = {DFF0464B-5402-4DD6-86F5-2AEC1163B232}
		{1C5D3B56-8C59-4ABC-8E66-CBE971633FA7} = {1E6B9E8D-D5C1-4AD7-89F9-7179FEFD7C01}
		{8B47606D-901C-404F-9AD0-C156F39A61DF} = {1C5D3B56-8C59-4ABC-8E66-CBE971633FA7}
		{883F1591-5B8E-4D5D-85DE-ED96069F2A13} = {DFF0464B-5402-4DD6-86F5-2AEC1163B232}
		{E4D541BF-CD9B-4CE0-AAA7-ED87E99EC9BD} = {DFF0464B-5402-4DD6-86F5-2AEC1163B232}
		{E16465B4-280D-4019-A81F-D36D11C07802} = {1E6B9E8D-D5C1-4AD7-89F9-7179FEFD7C01}
		{A776FDCE-FDD0-46AF-B2AE-55CF7D3315FF} = {DFF0464B-5402-4DD6-86F5-2AEC1163B232}
		{47279576-BA2A-4941-96BD-E4B913B50B4A} = {1E6B9E8D-D5C1-4AD7-89F9-7179FEFD7C01}
		{B21CDFC5-81C3-4E29-B7FF-C11B5EC43456} = {DFF0464B-5402-4DD6-86F5-2AEC1163B232}
		{26172FE6-890F-4D45-83B2-3F28193843AF} = {1C5D3B56-8C59-4ABC-8E66-CBE971633FA7}
		{26898200-F326-46B8-A202-81167B6048F3} = {1E6B9E8D-D5C1-4AD7-89F9-7179FEFD7C01}
		{FB797CC0-A394-4977-86B0-47F16672DDE8} = {DFF0464B-5402-4DD6-86F5-2AEC1163B232}
		{F90B1606-F375-4C84-9118-AB0C1DDEB0DF} = {DFF0464B-5402-4DD6-86F5-2AEC1163B232}
		{DA281194-390E-40E4-861B-A034CD6943B7} = {DFF0464B-5402-4DD6-86F5-2AEC1163B232}
	EndGlobalSection
EndGlobal
