
Microsoft Visual Studio Solution File, Format Version 12.00
# Visual Studio 2013
VisualStudioVersion = 12.0.40629.0
MinimumVisualStudioVersion = 10.0.40219.1
Project("{2150E333-8FDC-42A3-9474-1A3956D46DE8}") = ".nuget", ".nuget", "{C1434FA4-ED3F-4A7B-A0D3-8CBB900B1609}"
	ProjectSection(SolutionItems) = preProject
		.nuget\NuGet.Config = .nuget\NuGet.Config
	EndProjectSection
EndProject
Project("{2150E333-8FDC-42A3-9474-1A3956D46DE8}") = "Tests", "Tests", "{9E8F8E84-8335-48E4-988C-D0C9F37927D6}"
EndProject
Project("{FAE04EC0-301F-11D3-BF4B-00C04F79EFBC}") = "Abp", "Abp\Abp.csproj", "{2C221D3B-5F54-4C5B-8082-318636415132}"
EndProject
Project("{FAE04EC0-301F-11D3-BF4B-00C04F79EFBC}") = "Abp.EntityFramework", "Abp.EntityFramework\Abp.EntityFramework.csproj", "{948F0CAF-3382-4E03-9A0F-0DDB206FE40D}"
EndProject
Project("{FAE04EC0-301F-11D3-BF4B-00C04F79EFBC}") = "Abp.NHibernate", "Abp.NHibernate\Abp.NHibernate.csproj", "{47853DCA-C058-42F4-B020-E9AC659C9204}"
EndProject
Project("{FAE04EC0-301F-11D3-BF4B-00C04F79EFBC}") = "Abp.Web", "Abp.Web\Abp.Web.csproj", "{D37C09D8-2F18-4F0B-A4D3-7A12C124E070}"
EndProject
Project("{FAE04EC0-301F-11D3-BF4B-00C04F79EFBC}") = "Abp.Web.Api", "Abp.Web.Api\Abp.Web.Api.csproj", "{71962F97-5E4B-465C-9A21-2153D31992CF}"
EndProject
Project("{FAE04EC0-301F-11D3-BF4B-00C04F79EFBC}") = "Abp.Web.Mvc", "Abp.Web.Mvc\Abp.Web.Mvc.csproj", "{78FC0C9B-C5A9-4900-9A46-A8F544AC5343}"
EndProject
Project("{FAE04EC0-301F-11D3-BF4B-00C04F79EFBC}") = "Abp.Web.Resources", "Abp.Web.Resources\Abp.Web.Resources.csproj", "{9003DDA9-1DD5-41A1-B907-6F378767C441}"
EndProject
Project("{FAE04EC0-301F-11D3-BF4B-00C04F79EFBC}") = "Abp.Tests", "Tests\Abp.Tests\Abp.Tests.csproj", "{D1E31E85-0F7E-43BC-91E2-F9E544ECEBD5}"
EndProject
Project("{FAE04EC0-301F-11D3-BF4B-00C04F79EFBC}") = "Abp.Web.Tests", "Tests\Abp.Web.Tests\Abp.Web.Tests.csproj", "{C3ACA5F7-6A78-497B-AE25-B0B4F20E5AA2}"
EndProject
Project("{FAE04EC0-301F-11D3-BF4B-00C04F79EFBC}") = "Abp.Web.Api.Tests", "Tests\Abp.Web.Api.Tests\Abp.Web.Api.Tests.csproj", "{662A3C76-DC6E-425C-B389-23B1040AD2F8}"
EndProject
Project("{FAE04EC0-301F-11D3-BF4B-00C04F79EFBC}") = "Abp.FluentMigrator", "Abp.FluentMigrator\Abp.FluentMigrator.csproj", "{908717CC-C284-4C88-A13C-32B62674845D}"
EndProject
Project("{FAE04EC0-301F-11D3-BF4B-00C04F79EFBC}") = "Abp.EntityFramework.Tests", "Tests\Abp.EntityFramework.Tests\Abp.EntityFramework.Tests.csproj", "{30F91B61-4BA1-491A-ABE1-B615C1B97E71}"
EndProject
Project("{FAE04EC0-301F-11D3-BF4B-00C04F79EFBC}") = "Abp.MongoDB", "Abp.MongoDB\Abp.MongoDB.csproj", "{B71E5928-F956-480C-B6FF-18B65C013A59}"
EndProject
Project("{FAE04EC0-301F-11D3-BF4B-00C04F79EFBC}") = "Abp.AutoMapper", "Abp.AutoMapper\Abp.AutoMapper.csproj", "{06EB5F7C-B974-4775-A305-F175D645F7C9}"
EndProject
Project("{FAE04EC0-301F-11D3-BF4B-00C04F79EFBC}") = "Abp.AutoMapper.Tests", "Tests\Abp.AutoMapper.Tests\Abp.AutoMapper.Tests.csproj", "{6C1BB309-3FE8-40A1-A97C-62495CE61AB6}"
EndProject
Project("{2150E333-8FDC-42A3-9474-1A3956D46DE8}") = "TestBase", "TestBase", "{7A90AE8F-6362-4027-AE6F-C33DFEC9BEFF}"
	ProjectSection(SolutionItems) = preProject
		TestBase\README.md = TestBase\README.md
	EndProjectSection
EndProject
Project("{FAE04EC0-301F-11D3-BF4B-00C04F79EFBC}") = "Abp.TestBase", "TestBase\Abp.TestBase\Abp.TestBase.csproj", "{F554B0EF-ACF4-4F72-B711-EF36559DCE43}"
EndProject
Project("{2150E333-8FDC-42A3-9474-1A3956D46DE8}") = "Tests", "Tests", "{0ED67C81-878D-4F09-903E-B6233D211B72}"
EndProject
Project("{FAE04EC0-301F-11D3-BF4B-00C04F79EFBC}") = "Abp.TestBase.Tests", "TestBase\Tests\Abp.TestBase.Tests\Abp.TestBase.Tests.csproj", "{040FAC4B-7320-4C94-9555-E82FA13DD921}"
EndProject
Project("{FAE04EC0-301F-11D3-BF4B-00C04F79EFBC}") = "Abp.TestBase.SampleApplication", "TestBase\Tests\Abp.TestBase.SampleApplication\Abp.TestBase.SampleApplication.csproj", "{81D64020-5E36-4344-ACEC-9B218B5246D0}"
EndProject
Project("{FAE04EC0-301F-11D3-BF4B-00C04F79EFBC}") = "Abp.TestBase.SampleApplication.Tests", "TestBase\Tests\Abp.TestBase.SampleApplication.Tests\Abp.TestBase.SampleApplication.Tests.csproj", "{A9C87FBF-8C8A-4ABD-A0A8-5F79A9DA6A49}"
EndProject
Project("{FAE04EC0-301F-11D3-BF4B-00C04F79EFBC}") = "Abp.NHibernate.Tests", "Tests\Abp.NHibernate.Tests\Abp.NHibernate.Tests.csproj", "{0CF3083B-364D-42C9-B6F2-552789FB6ED5}"
EndProject
Project("{FAE04EC0-301F-11D3-BF4B-00C04F79EFBC}") = "Abp.MemoryDb", "Abp.MemoryDb\Abp.MemoryDb.csproj", "{4DF45D0E-A50F-4FD0-8B4D-2548B256994F}"
EndProject
Project("{FAE04EC0-301F-11D3-BF4B-00C04F79EFBC}") = "Abp.MemoryDb.Tests", "Tests\Abp.MemoryDb.Tests\Abp.MemoryDb.Tests.csproj", "{2322DD68-034A-44FD-8065-90030BE25C47}"
EndProject
Project("{FAE04EC0-301F-11D3-BF4B-00C04F79EFBC}") = "Abp.RedisCache", "Abp.RedisCache\Abp.RedisCache.csproj", "{F4A8466E-4E68-4D6F-81D4-7F0892B9B5E0}"
EndProject
Project("{FAE04EC0-301F-11D3-BF4B-00C04F79EFBC}") = "Abp.RedisCache.Tests", "Tests\Abp.RedisCache.Tests\Abp.RedisCache.Tests.csproj", "{BE5D25B4-66A7-4A29-BA64-3D00A952BE9E}"
EndProject
Project("{FAE04EC0-301F-11D3-BF4B-00C04F79EFBC}") = "Abp.Web.Api.Swagger", "Abp.Web.Api.Swagger\Abp.Web.Api.Swagger.csproj", "{E55982CC-A18B-4BC6-9B86-59112D5B1CE7}"
EndProject
Global
	GlobalSection(SolutionConfigurationPlatforms) = preSolution
		Debug|Any CPU = Debug|Any CPU
		Release|Any CPU = Release|Any CPU
	EndGlobalSection
	GlobalSection(ProjectConfigurationPlatforms) = postSolution
		{2C221D3B-5F54-4C5B-8082-318636415132}.Debug|Any CPU.ActiveCfg = Debug|Any CPU
		{2C221D3B-5F54-4C5B-8082-318636415132}.Debug|Any CPU.Build.0 = Debug|Any CPU
		{2C221D3B-5F54-4C5B-8082-318636415132}.Release|Any CPU.ActiveCfg = Release|Any CPU
		{2C221D3B-5F54-4C5B-8082-318636415132}.Release|Any CPU.Build.0 = Release|Any CPU
		{948F0CAF-3382-4E03-9A0F-0DDB206FE40D}.Debug|Any CPU.ActiveCfg = Debug|Any CPU
		{948F0CAF-3382-4E03-9A0F-0DDB206FE40D}.Debug|Any CPU.Build.0 = Debug|Any CPU
		{948F0CAF-3382-4E03-9A0F-0DDB206FE40D}.Release|Any CPU.ActiveCfg = Release|Any CPU
		{948F0CAF-3382-4E03-9A0F-0DDB206FE40D}.Release|Any CPU.Build.0 = Release|Any CPU
		{47853DCA-C058-42F4-B020-E9AC659C9204}.Debug|Any CPU.ActiveCfg = Debug|Any CPU
		{47853DCA-C058-42F4-B020-E9AC659C9204}.Debug|Any CPU.Build.0 = Debug|Any CPU
		{47853DCA-C058-42F4-B020-E9AC659C9204}.Release|Any CPU.ActiveCfg = Release|Any CPU
		{47853DCA-C058-42F4-B020-E9AC659C9204}.Release|Any CPU.Build.0 = Release|Any CPU
		{D37C09D8-2F18-4F0B-A4D3-7A12C124E070}.Debug|Any CPU.ActiveCfg = Debug|Any CPU
		{D37C09D8-2F18-4F0B-A4D3-7A12C124E070}.Debug|Any CPU.Build.0 = Debug|Any CPU
		{D37C09D8-2F18-4F0B-A4D3-7A12C124E070}.Release|Any CPU.ActiveCfg = Release|Any CPU
		{D37C09D8-2F18-4F0B-A4D3-7A12C124E070}.Release|Any CPU.Build.0 = Release|Any CPU
		{71962F97-5E4B-465C-9A21-2153D31992CF}.Debug|Any CPU.ActiveCfg = Debug|Any CPU
		{71962F97-5E4B-465C-9A21-2153D31992CF}.Debug|Any CPU.Build.0 = Debug|Any CPU
		{71962F97-5E4B-465C-9A21-2153D31992CF}.Release|Any CPU.ActiveCfg = Release|Any CPU
		{71962F97-5E4B-465C-9A21-2153D31992CF}.Release|Any CPU.Build.0 = Release|Any CPU
		{78FC0C9B-C5A9-4900-9A46-A8F544AC5343}.Debug|Any CPU.ActiveCfg = Debug|Any CPU
		{78FC0C9B-C5A9-4900-9A46-A8F544AC5343}.Debug|Any CPU.Build.0 = Debug|Any CPU
		{78FC0C9B-C5A9-4900-9A46-A8F544AC5343}.Release|Any CPU.ActiveCfg = Release|Any CPU
		{78FC0C9B-C5A9-4900-9A46-A8F544AC5343}.Release|Any CPU.Build.0 = Release|Any CPU
		{9003DDA9-1DD5-41A1-B907-6F378767C441}.Debug|Any CPU.ActiveCfg = Debug|Any CPU
		{9003DDA9-1DD5-41A1-B907-6F378767C441}.Debug|Any CPU.Build.0 = Debug|Any CPU
		{9003DDA9-1DD5-41A1-B907-6F378767C441}.Release|Any CPU.ActiveCfg = Release|Any CPU
		{9003DDA9-1DD5-41A1-B907-6F378767C441}.Release|Any CPU.Build.0 = Release|Any CPU
		{D1E31E85-0F7E-43BC-91E2-F9E544ECEBD5}.Debug|Any CPU.ActiveCfg = Debug|Any CPU
		{D1E31E85-0F7E-43BC-91E2-F9E544ECEBD5}.Debug|Any CPU.Build.0 = Debug|Any CPU
		{D1E31E85-0F7E-43BC-91E2-F9E544ECEBD5}.Release|Any CPU.ActiveCfg = Release|Any CPU
		{D1E31E85-0F7E-43BC-91E2-F9E544ECEBD5}.Release|Any CPU.Build.0 = Release|Any CPU
		{C3ACA5F7-6A78-497B-AE25-B0B4F20E5AA2}.Debug|Any CPU.ActiveCfg = Debug|Any CPU
		{C3ACA5F7-6A78-497B-AE25-B0B4F20E5AA2}.Debug|Any CPU.Build.0 = Debug|Any CPU
		{C3ACA5F7-6A78-497B-AE25-B0B4F20E5AA2}.Release|Any CPU.ActiveCfg = Release|Any CPU
		{C3ACA5F7-6A78-497B-AE25-B0B4F20E5AA2}.Release|Any CPU.Build.0 = Release|Any CPU
		{662A3C76-DC6E-425C-B389-23B1040AD2F8}.Debug|Any CPU.ActiveCfg = Debug|Any CPU
		{662A3C76-DC6E-425C-B389-23B1040AD2F8}.Debug|Any CPU.Build.0 = Debug|Any CPU
		{662A3C76-DC6E-425C-B389-23B1040AD2F8}.Release|Any CPU.ActiveCfg = Release|Any CPU
		{662A3C76-DC6E-425C-B389-23B1040AD2F8}.Release|Any CPU.Build.0 = Release|Any CPU
		{908717CC-C284-4C88-A13C-32B62674845D}.Debug|Any CPU.ActiveCfg = Debug|Any CPU
		{908717CC-C284-4C88-A13C-32B62674845D}.Debug|Any CPU.Build.0 = Debug|Any CPU
		{908717CC-C284-4C88-A13C-32B62674845D}.Release|Any CPU.ActiveCfg = Release|Any CPU
		{908717CC-C284-4C88-A13C-32B62674845D}.Release|Any CPU.Build.0 = Release|Any CPU
		{30F91B61-4BA1-491A-ABE1-B615C1B97E71}.Debug|Any CPU.ActiveCfg = Debug|Any CPU
		{30F91B61-4BA1-491A-ABE1-B615C1B97E71}.Debug|Any CPU.Build.0 = Debug|Any CPU
		{30F91B61-4BA1-491A-ABE1-B615C1B97E71}.Release|Any CPU.ActiveCfg = Release|Any CPU
		{30F91B61-4BA1-491A-ABE1-B615C1B97E71}.Release|Any CPU.Build.0 = Release|Any CPU
		{B71E5928-F956-480C-B6FF-18B65C013A59}.Debug|Any CPU.ActiveCfg = Debug|Any CPU
		{B71E5928-F956-480C-B6FF-18B65C013A59}.Debug|Any CPU.Build.0 = Debug|Any CPU
		{B71E5928-F956-480C-B6FF-18B65C013A59}.Release|Any CPU.ActiveCfg = Release|Any CPU
		{B71E5928-F956-480C-B6FF-18B65C013A59}.Release|Any CPU.Build.0 = Release|Any CPU
		{06EB5F7C-B974-4775-A305-F175D645F7C9}.Debug|Any CPU.ActiveCfg = Debug|Any CPU
		{06EB5F7C-B974-4775-A305-F175D645F7C9}.Debug|Any CPU.Build.0 = Debug|Any CPU
		{06EB5F7C-B974-4775-A305-F175D645F7C9}.Release|Any CPU.ActiveCfg = Release|Any CPU
		{06EB5F7C-B974-4775-A305-F175D645F7C9}.Release|Any CPU.Build.0 = Release|Any CPU
		{6C1BB309-3FE8-40A1-A97C-62495CE61AB6}.Debug|Any CPU.ActiveCfg = Debug|Any CPU
		{6C1BB309-3FE8-40A1-A97C-62495CE61AB6}.Debug|Any CPU.Build.0 = Debug|Any CPU
		{6C1BB309-3FE8-40A1-A97C-62495CE61AB6}.Release|Any CPU.ActiveCfg = Release|Any CPU
		{6C1BB309-3FE8-40A1-A97C-62495CE61AB6}.Release|Any CPU.Build.0 = Release|Any CPU
		{F554B0EF-ACF4-4F72-B711-EF36559DCE43}.Debug|Any CPU.ActiveCfg = Debug|Any CPU
		{F554B0EF-ACF4-4F72-B711-EF36559DCE43}.Debug|Any CPU.Build.0 = Debug|Any CPU
		{F554B0EF-ACF4-4F72-B711-EF36559DCE43}.Release|Any CPU.ActiveCfg = Release|Any CPU
		{F554B0EF-ACF4-4F72-B711-EF36559DCE43}.Release|Any CPU.Build.0 = Release|Any CPU
		{040FAC4B-7320-4C94-9555-E82FA13DD921}.Debug|Any CPU.ActiveCfg = Debug|Any CPU
		{040FAC4B-7320-4C94-9555-E82FA13DD921}.Debug|Any CPU.Build.0 = Debug|Any CPU
		{040FAC4B-7320-4C94-9555-E82FA13DD921}.Release|Any CPU.ActiveCfg = Release|Any CPU
		{040FAC4B-7320-4C94-9555-E82FA13DD921}.Release|Any CPU.Build.0 = Release|Any CPU
		{81D64020-5E36-4344-ACEC-9B218B5246D0}.Debug|Any CPU.ActiveCfg = Debug|Any CPU
		{81D64020-5E36-4344-ACEC-9B218B5246D0}.Debug|Any CPU.Build.0 = Debug|Any CPU
		{81D64020-5E36-4344-ACEC-9B218B5246D0}.Release|Any CPU.ActiveCfg = Release|Any CPU
		{81D64020-5E36-4344-ACEC-9B218B5246D0}.Release|Any CPU.Build.0 = Release|Any CPU
		{A9C87FBF-8C8A-4ABD-A0A8-5F79A9DA6A49}.Debug|Any CPU.ActiveCfg = Debug|Any CPU
		{A9C87FBF-8C8A-4ABD-A0A8-5F79A9DA6A49}.Debug|Any CPU.Build.0 = Debug|Any CPU
		{A9C87FBF-8C8A-4ABD-A0A8-5F79A9DA6A49}.Release|Any CPU.ActiveCfg = Release|Any CPU
		{A9C87FBF-8C8A-4ABD-A0A8-5F79A9DA6A49}.Release|Any CPU.Build.0 = Release|Any CPU
		{0CF3083B-364D-42C9-B6F2-552789FB6ED5}.Debug|Any CPU.ActiveCfg = Debug|Any CPU
		{0CF3083B-364D-42C9-B6F2-552789FB6ED5}.Debug|Any CPU.Build.0 = Debug|Any CPU
		{0CF3083B-364D-42C9-B6F2-552789FB6ED5}.Release|Any CPU.ActiveCfg = Release|Any CPU
		{0CF3083B-364D-42C9-B6F2-552789FB6ED5}.Release|Any CPU.Build.0 = Release|Any CPU
		{4DF45D0E-A50F-4FD0-8B4D-2548B256994F}.Debug|Any CPU.ActiveCfg = Debug|Any CPU
		{4DF45D0E-A50F-4FD0-8B4D-2548B256994F}.Debug|Any CPU.Build.0 = Debug|Any CPU
		{4DF45D0E-A50F-4FD0-8B4D-2548B256994F}.Release|Any CPU.ActiveCfg = Release|Any CPU
		{4DF45D0E-A50F-4FD0-8B4D-2548B256994F}.Release|Any CPU.Build.0 = Release|Any CPU
		{2322DD68-034A-44FD-8065-90030BE25C47}.Debug|Any CPU.ActiveCfg = Debug|Any CPU
		{2322DD68-034A-44FD-8065-90030BE25C47}.Debug|Any CPU.Build.0 = Debug|Any CPU
		{2322DD68-034A-44FD-8065-90030BE25C47}.Release|Any CPU.ActiveCfg = Release|Any CPU
		{2322DD68-034A-44FD-8065-90030BE25C47}.Release|Any CPU.Build.0 = Release|Any CPU
		{F4A8466E-4E68-4D6F-81D4-7F0892B9B5E0}.Debug|Any CPU.ActiveCfg = Debug|Any CPU
		{F4A8466E-4E68-4D6F-81D4-7F0892B9B5E0}.Debug|Any CPU.Build.0 = Debug|Any CPU
		{F4A8466E-4E68-4D6F-81D4-7F0892B9B5E0}.Release|Any CPU.ActiveCfg = Release|Any CPU
		{F4A8466E-4E68-4D6F-81D4-7F0892B9B5E0}.Release|Any CPU.Build.0 = Release|Any CPU
		{BE5D25B4-66A7-4A29-BA64-3D00A952BE9E}.Debug|Any CPU.ActiveCfg = Debug|Any CPU
		{BE5D25B4-66A7-4A29-BA64-3D00A952BE9E}.Debug|Any CPU.Build.0 = Debug|Any CPU
		{BE5D25B4-66A7-4A29-BA64-3D00A952BE9E}.Release|Any CPU.ActiveCfg = Release|Any CPU
		{BE5D25B4-66A7-4A29-BA64-3D00A952BE9E}.Release|Any CPU.Build.0 = Release|Any CPU
		{E55982CC-A18B-4BC6-9B86-59112D5B1CE7}.Debug|Any CPU.ActiveCfg = Debug|Any CPU
		{E55982CC-A18B-4BC6-9B86-59112D5B1CE7}.Debug|Any CPU.Build.0 = Debug|Any CPU
		{E55982CC-A18B-4BC6-9B86-59112D5B1CE7}.Release|Any CPU.ActiveCfg = Release|Any CPU
		{E55982CC-A18B-4BC6-9B86-59112D5B1CE7}.Release|Any CPU.Build.0 = Release|Any CPU
	EndGlobalSection
	GlobalSection(SolutionProperties) = preSolution
		HideSolutionNode = FALSE
	EndGlobalSection
	GlobalSection(NestedProjects) = preSolution
		{D1E31E85-0F7E-43BC-91E2-F9E544ECEBD5} = {9E8F8E84-8335-48E4-988C-D0C9F37927D6}
		{C3ACA5F7-6A78-497B-AE25-B0B4F20E5AA2} = {9E8F8E84-8335-48E4-988C-D0C9F37927D6}
		{662A3C76-DC6E-425C-B389-23B1040AD2F8} = {9E8F8E84-8335-48E4-988C-D0C9F37927D6}
		{30F91B61-4BA1-491A-ABE1-B615C1B97E71} = {9E8F8E84-8335-48E4-988C-D0C9F37927D6}
		{6C1BB309-3FE8-40A1-A97C-62495CE61AB6} = {9E8F8E84-8335-48E4-988C-D0C9F37927D6}
		{F554B0EF-ACF4-4F72-B711-EF36559DCE43} = {7A90AE8F-6362-4027-AE6F-C33DFEC9BEFF}
		{0ED67C81-878D-4F09-903E-B6233D211B72} = {7A90AE8F-6362-4027-AE6F-C33DFEC9BEFF}
		{040FAC4B-7320-4C94-9555-E82FA13DD921} = {0ED67C81-878D-4F09-903E-B6233D211B72}
		{81D64020-5E36-4344-ACEC-9B218B5246D0} = {0ED67C81-878D-4F09-903E-B6233D211B72}
		{A9C87FBF-8C8A-4ABD-A0A8-5F79A9DA6A49} = {0ED67C81-878D-4F09-903E-B6233D211B72}
		{0CF3083B-364D-42C9-B6F2-552789FB6ED5} = {9E8F8E84-8335-48E4-988C-D0C9F37927D6}
		{2322DD68-034A-44FD-8065-90030BE25C47} = {9E8F8E84-8335-48E4-988C-D0C9F37927D6}
		{BE5D25B4-66A7-4A29-BA64-3D00A952BE9E} = {9E8F8E84-8335-48E4-988C-D0C9F37927D6}
	EndGlobalSection
EndGlobal
