
Microsoft Visual Studio Solution File, Format Version 12.00
# Visual Studio 2012
Project("{2150E333-8FDC-42A3-9474-1A3956D46DE8}") = "Abp", "Abp", "{14B060A2-2D57-4FDA-8869-57A8FBF5783C}"
EndProject
Project("{2150E333-8FDC-42A3-9474-1A3956D46DE8}") = ".nuget", ".nuget", "{C1434FA4-ED3F-4A7B-A0D3-8CBB900B1609}"
	ProjectSection(SolutionItems) = preProject
		.nuget\NuGet.Config = .nuget\NuGet.Config
		.nuget\NuGet.exe = .nuget\NuGet.exe
		.nuget\NuGet.targets = .nuget\NuGet.targets
	EndProjectSection
EndProject
Project("{2150E333-8FDC-42A3-9474-1A3956D46DE8}") = "Docs", "Docs", "{76AA2897-D756-415C-A0CB-D00E90061FFF}"
	ProjectSection(SolutionItems) = preProject
		Docs\AbpDone.txt = Docs\AbpDone.txt
		Docs\Modules.txt = Docs\Modules.txt
		Docs\Notes.txt = Docs\Notes.txt
		Docs\Todo.txt = Docs\Todo.txt
		Docs\Tools.txt = Docs\Tools.txt
		Docs\WebProject Layout.txt = Docs\WebProject Layout.txt
	EndProjectSection
EndProject
Project("{2150E333-8FDC-42A3-9474-1A3956D46DE8}") = "Framework", "Framework", "{8B19DD6F-9BFB-45C4-BFEE-F5FF5617546A}"
EndProject
Project("{2150E333-8FDC-42A3-9474-1A3956D46DE8}") = "Tools", "Tools", "{13D8409E-67C8-4E50-BA6E-243E0FFBDE2E}"
EndProject
Project("{FAE04EC0-301F-11D3-BF4B-00C04F79EFBC}") = "DatabaseRecreater", "Tools\DatabaseRecreater\DatabaseRecreater.csproj", "{2A2B16B2-3072-47C8-A9EF-254B87F94EE6}"
EndProject
Project("{2150E333-8FDC-42A3-9474-1A3956D46DE8}") = "Taskever", "Taskever", "{55698328-B079-4FC4-9CE5-88C6013F9952}"
EndProject
Project("{FAE04EC0-301F-11D3-BF4B-00C04F79EFBC}") = "Taskever.Core", "Taskever\Taskever.Core\Taskever.Core.csproj", "{14754E90-96E2-4C25-AB71-B946ADE21163}"
EndProject
Project("{2150E333-8FDC-42A3-9474-1A3956D46DE8}") = "Modules", "Modules", "{AF82CE76-8F81-4816-B195-33B27E433655}"
EndProject
Project("{2150E333-8FDC-42A3-9474-1A3956D46DE8}") = "Core", "Core", "{CAB3BBE0-3BCD-4581-A2F0-C175CCBAC45F}"
EndProject
Project("{FAE04EC0-301F-11D3-BF4B-00C04F79EFBC}") = "Abp.Modules.Core", "Abp\Modules\Core\Abp.Modules.Core\Abp.Modules.Core.csproj", "{B333D942-7600-4191-80E3-923A6144DF4F}"
EndProject
Project("{FAE04EC0-301F-11D3-BF4B-00C04F79EFBC}") = "Abp.Core", "Abp\Framework\Abp.Core\Abp.Core.csproj", "{2C221D3B-5F54-4C5B-8082-318636415132}"
EndProject
Project("{FAE04EC0-301F-11D3-BF4B-00C04F79EFBC}") = "Taskever.Web.Spa", "Taskever\Taskever.Web.Spa\Taskever.Web.Spa.csproj", "{CCEABE39-97DF-4ABF-AE8F-72B0CE66EC84}"
EndProject
Project("{FAE04EC0-301F-11D3-BF4B-00C04F79EFBC}") = "Abp.Web.Mvc", "Abp\Framework\Abp.Web.Mvc\Abp.Web.Mvc.csproj", "{78FC0C9B-C5A9-4900-9A46-A8F544AC5343}"
EndProject
Project("{2150E333-8FDC-42A3-9474-1A3956D46DE8}") = "Docs", "Docs", "{CFEC2229-42DA-4D20-86E5-A35580197EC2}"
	ProjectSection(SolutionItems) = preProject
		Taskever\Docs\TODO.txt = Taskever\Docs\TODO.txt
	EndProjectSection
EndProject
Project("{FAE04EC0-301F-11D3-BF4B-00C04F79EFBC}") = "Abp.Modules.Core.Web.Mvc", "Abp\Modules\Core\Abp.Modules.Core.Web.Mvc\Abp.Modules.Core.Web.Mvc.csproj", "{5C377732-2DBC-43C2-B9E5-009BD460FCE9}"
EndProject
Project("{FAE04EC0-301F-11D3-BF4B-00C04F79EFBC}") = "Abp.Application", "Abp\Framework\Abp.Application\Abp.Application.csproj", "{A948A08D-C64D-4E01-BDAD-3BF4BDDD68B5}"
EndProject
Project("{FAE04EC0-301F-11D3-BF4B-00C04F79EFBC}") = "Abp.Infrastructure.Data.NHibernate", "Abp\Framework\Abp.Infrastructure.Data.NHibernate\Abp.Infrastructure.Data.NHibernate.csproj", "{47853DCA-C058-42F4-B020-E9AC659C9204}"
EndProject
Project("{FAE04EC0-301F-11D3-BF4B-00C04F79EFBC}") = "Abp.Web.Api", "Abp\Framework\Abp.Web.Api\Abp.Web.Api.csproj", "{71962F97-5E4B-465C-9A21-2153D31992CF}"
EndProject
Project("{FAE04EC0-301F-11D3-BF4B-00C04F79EFBC}") = "Abp.Modules.Core.Application", "Abp\Modules\Core\Abp.Modules.Core.Application\Abp.Modules.Core.Application.csproj", "{C543BB79-F01D-4FE6-89CB-A38BD8B255FD}"
EndProject
Project("{FAE04EC0-301F-11D3-BF4B-00C04F79EFBC}") = "Abp.Modules.Core.Infrastructure.Data.NHibernate", "Abp\Modules\Core\Abp.Modules.Core.Infrastructure.Data.NHibernate\Abp.Modules.Core.Infrastructure.Data.NHibernate.csproj", "{CE9FEA93-BE42-442B-A7FF-A53922099F64}"
EndProject
Project("{FAE04EC0-301F-11D3-BF4B-00C04F79EFBC}") = "Abp.Modules.Core.Web.Api", "Abp\Modules\Core\Abp.Modules.Core.Web.Api\Abp.Modules.Core.Web.Api.csproj", "{2A1CA060-4E83-440D-8CE3-0436748F33BB}"
EndProject
Project("{FAE04EC0-301F-11D3-BF4B-00C04F79EFBC}") = "Taskever.Application", "Taskever\Taskever.Application\Taskever.Application.csproj", "{7A28A996-B52E-422D-B7EE-FC20B5C8C9D4}"
EndProject
Project("{FAE04EC0-301F-11D3-BF4B-00C04F79EFBC}") = "Taskever.Infrastructure.Data.NHibernate", "Taskever\Taskever.Infrastructure.Data.NHibernate\Taskever.Infrastructure.Data.NHibernate.csproj", "{89714409-E64F-4439-909A-415867494D16}"
EndProject
Project("{FAE04EC0-301F-11D3-BF4B-00C04F79EFBC}") = "Taskever.Web.Api", "Taskever\Taskever.Web.Api\Taskever.Web.Api.csproj", "{0C8B3E9F-3BA5-4F0C-A6F2-9436EC8314B5}"
EndProject
Project("{FAE04EC0-301F-11D3-BF4B-00C04F79EFBC}") = "Abp.Web", "Abp\Framework\Abp.Web\Abp.Web.csproj", "{D37C09D8-2F18-4F0B-A4D3-7A12C124E070}"
EndProject
Project("{2150E333-8FDC-42A3-9474-1A3956D46DE8}") = "Tests", "Tests", "{9E8F8E84-8335-48E4-988C-D0C9F37927D6}"
EndProject
Project("{FAE04EC0-301F-11D3-BF4B-00C04F79EFBC}") = "Abp.Tests", "Abp\Framework\Tests\Abp.Tests\Abp.Tests.csproj", "{D1E31E85-0F7E-43BC-91E2-F9E544ECEBD5}"
EndProject
Global
	GlobalSection(SolutionConfigurationPlatforms) = preSolution
		Debug|Any CPU = Debug|Any CPU
		Release|Any CPU = Release|Any CPU
	EndGlobalSection
	GlobalSection(ProjectConfigurationPlatforms) = postSolution
		{2A2B16B2-3072-47C8-A9EF-254B87F94EE6}.Debug|Any CPU.ActiveCfg = Debug|Any CPU
		{2A2B16B2-3072-47C8-A9EF-254B87F94EE6}.Debug|Any CPU.Build.0 = Debug|Any CPU
		{2A2B16B2-3072-47C8-A9EF-254B87F94EE6}.Release|Any CPU.ActiveCfg = Release|Any CPU
		{2A2B16B2-3072-47C8-A9EF-254B87F94EE6}.Release|Any CPU.Build.0 = Release|Any CPU
		{14754E90-96E2-4C25-AB71-B946ADE21163}.Debug|Any CPU.ActiveCfg = Debug|Any CPU
		{14754E90-96E2-4C25-AB71-B946ADE21163}.Debug|Any CPU.Build.0 = Debug|Any CPU
		{14754E90-96E2-4C25-AB71-B946ADE21163}.Release|Any CPU.ActiveCfg = Release|Any CPU
		{14754E90-96E2-4C25-AB71-B946ADE21163}.Release|Any CPU.Build.0 = Release|Any CPU
		{B333D942-7600-4191-80E3-923A6144DF4F}.Debug|Any CPU.ActiveCfg = Debug|Any CPU
		{B333D942-7600-4191-80E3-923A6144DF4F}.Debug|Any CPU.Build.0 = Debug|Any CPU
		{B333D942-7600-4191-80E3-923A6144DF4F}.Release|Any CPU.ActiveCfg = Release|Any CPU
		{B333D942-7600-4191-80E3-923A6144DF4F}.Release|Any CPU.Build.0 = Release|Any CPU
		{2C221D3B-5F54-4C5B-8082-318636415132}.Debug|Any CPU.ActiveCfg = Debug|Any CPU
		{2C221D3B-5F54-4C5B-8082-318636415132}.Debug|Any CPU.Build.0 = Debug|Any CPU
		{2C221D3B-5F54-4C5B-8082-318636415132}.Release|Any CPU.ActiveCfg = Release|Any CPU
		{2C221D3B-5F54-4C5B-8082-318636415132}.Release|Any CPU.Build.0 = Release|Any CPU
		{CCEABE39-97DF-4ABF-AE8F-72B0CE66EC84}.Debug|Any CPU.ActiveCfg = Debug|Any CPU
		{CCEABE39-97DF-4ABF-AE8F-72B0CE66EC84}.Debug|Any CPU.Build.0 = Debug|Any CPU
		{CCEABE39-97DF-4ABF-AE8F-72B0CE66EC84}.Release|Any CPU.ActiveCfg = Release|Any CPU
		{CCEABE39-97DF-4ABF-AE8F-72B0CE66EC84}.Release|Any CPU.Build.0 = Release|Any CPU
		{78FC0C9B-C5A9-4900-9A46-A8F544AC5343}.Debug|Any CPU.ActiveCfg = Debug|Any CPU
		{78FC0C9B-C5A9-4900-9A46-A8F544AC5343}.Debug|Any CPU.Build.0 = Debug|Any CPU
		{78FC0C9B-C5A9-4900-9A46-A8F544AC5343}.Release|Any CPU.ActiveCfg = Release|Any CPU
		{78FC0C9B-C5A9-4900-9A46-A8F544AC5343}.Release|Any CPU.Build.0 = Release|Any CPU
		{5C377732-2DBC-43C2-B9E5-009BD460FCE9}.Debug|Any CPU.ActiveCfg = Debug|Any CPU
		{5C377732-2DBC-43C2-B9E5-009BD460FCE9}.Debug|Any CPU.Build.0 = Debug|Any CPU
		{5C377732-2DBC-43C2-B9E5-009BD460FCE9}.Release|Any CPU.ActiveCfg = Release|Any CPU
		{5C377732-2DBC-43C2-B9E5-009BD460FCE9}.Release|Any CPU.Build.0 = Release|Any CPU
		{A948A08D-C64D-4E01-BDAD-3BF4BDDD68B5}.Debug|Any CPU.ActiveCfg = Debug|Any CPU
		{A948A08D-C64D-4E01-BDAD-3BF4BDDD68B5}.Debug|Any CPU.Build.0 = Debug|Any CPU
		{A948A08D-C64D-4E01-BDAD-3BF4BDDD68B5}.Release|Any CPU.ActiveCfg = Release|Any CPU
		{A948A08D-C64D-4E01-BDAD-3BF4BDDD68B5}.Release|Any CPU.Build.0 = Release|Any CPU
		{47853DCA-C058-42F4-B020-E9AC659C9204}.Debug|Any CPU.ActiveCfg = Debug|Any CPU
		{47853DCA-C058-42F4-B020-E9AC659C9204}.Debug|Any CPU.Build.0 = Debug|Any CPU
		{47853DCA-C058-42F4-B020-E9AC659C9204}.Release|Any CPU.ActiveCfg = Release|Any CPU
		{47853DCA-C058-42F4-B020-E9AC659C9204}.Release|Any CPU.Build.0 = Release|Any CPU
		{71962F97-5E4B-465C-9A21-2153D31992CF}.Debug|Any CPU.ActiveCfg = Debug|Any CPU
		{71962F97-5E4B-465C-9A21-2153D31992CF}.Debug|Any CPU.Build.0 = Debug|Any CPU
		{71962F97-5E4B-465C-9A21-2153D31992CF}.Release|Any CPU.ActiveCfg = Release|Any CPU
		{71962F97-5E4B-465C-9A21-2153D31992CF}.Release|Any CPU.Build.0 = Release|Any CPU
		{C543BB79-F01D-4FE6-89CB-A38BD8B255FD}.Debug|Any CPU.ActiveCfg = Debug|Any CPU
		{C543BB79-F01D-4FE6-89CB-A38BD8B255FD}.Debug|Any CPU.Build.0 = Debug|Any CPU
		{C543BB79-F01D-4FE6-89CB-A38BD8B255FD}.Release|Any CPU.ActiveCfg = Release|Any CPU
		{C543BB79-F01D-4FE6-89CB-A38BD8B255FD}.Release|Any CPU.Build.0 = Release|Any CPU
		{CE9FEA93-BE42-442B-A7FF-A53922099F64}.Debug|Any CPU.ActiveCfg = Debug|Any CPU
		{CE9FEA93-BE42-442B-A7FF-A53922099F64}.Debug|Any CPU.Build.0 = Debug|Any CPU
		{CE9FEA93-BE42-442B-A7FF-A53922099F64}.Release|Any CPU.ActiveCfg = Release|Any CPU
		{CE9FEA93-BE42-442B-A7FF-A53922099F64}.Release|Any CPU.Build.0 = Release|Any CPU
		{2A1CA060-4E83-440D-8CE3-0436748F33BB}.Debug|Any CPU.ActiveCfg = Debug|Any CPU
		{2A1CA060-4E83-440D-8CE3-0436748F33BB}.Debug|Any CPU.Build.0 = Debug|Any CPU
		{2A1CA060-4E83-440D-8CE3-0436748F33BB}.Release|Any CPU.ActiveCfg = Release|Any CPU
		{2A1CA060-4E83-440D-8CE3-0436748F33BB}.Release|Any CPU.Build.0 = Release|Any CPU
		{7A28A996-B52E-422D-B7EE-FC20B5C8C9D4}.Debug|Any CPU.ActiveCfg = Debug|Any CPU
		{7A28A996-B52E-422D-B7EE-FC20B5C8C9D4}.Debug|Any CPU.Build.0 = Debug|Any CPU
		{7A28A996-B52E-422D-B7EE-FC20B5C8C9D4}.Release|Any CPU.ActiveCfg = Release|Any CPU
		{7A28A996-B52E-422D-B7EE-FC20B5C8C9D4}.Release|Any CPU.Build.0 = Release|Any CPU
		{89714409-E64F-4439-909A-415867494D16}.Debug|Any CPU.ActiveCfg = Debug|Any CPU
		{89714409-E64F-4439-909A-415867494D16}.Debug|Any CPU.Build.0 = Debug|Any CPU
		{89714409-E64F-4439-909A-415867494D16}.Release|Any CPU.ActiveCfg = Release|Any CPU
		{89714409-E64F-4439-909A-415867494D16}.Release|Any CPU.Build.0 = Release|Any CPU
		{0C8B3E9F-3BA5-4F0C-A6F2-9436EC8314B5}.Debug|Any CPU.ActiveCfg = Debug|Any CPU
		{0C8B3E9F-3BA5-4F0C-A6F2-9436EC8314B5}.Debug|Any CPU.Build.0 = Debug|Any CPU
		{0C8B3E9F-3BA5-4F0C-A6F2-9436EC8314B5}.Release|Any CPU.ActiveCfg = Release|Any CPU
		{0C8B3E9F-3BA5-4F0C-A6F2-9436EC8314B5}.Release|Any CPU.Build.0 = Release|Any CPU
		{D37C09D8-2F18-4F0B-A4D3-7A12C124E070}.Debug|Any CPU.ActiveCfg = Debug|Any CPU
		{D37C09D8-2F18-4F0B-A4D3-7A12C124E070}.Debug|Any CPU.Build.0 = Debug|Any CPU
		{D37C09D8-2F18-4F0B-A4D3-7A12C124E070}.Release|Any CPU.ActiveCfg = Release|Any CPU
		{D37C09D8-2F18-4F0B-A4D3-7A12C124E070}.Release|Any CPU.Build.0 = Release|Any CPU
		{D1E31E85-0F7E-43BC-91E2-F9E544ECEBD5}.Debug|Any CPU.ActiveCfg = Debug|Any CPU
		{D1E31E85-0F7E-43BC-91E2-F9E544ECEBD5}.Debug|Any CPU.Build.0 = Debug|Any CPU
		{D1E31E85-0F7E-43BC-91E2-F9E544ECEBD5}.Release|Any CPU.ActiveCfg = Release|Any CPU
		{D1E31E85-0F7E-43BC-91E2-F9E544ECEBD5}.Release|Any CPU.Build.0 = Release|Any CPU
	EndGlobalSection
	GlobalSection(SolutionProperties) = preSolution
		HideSolutionNode = FALSE
	EndGlobalSection
	GlobalSection(NestedProjects) = preSolution
		{8B19DD6F-9BFB-45C4-BFEE-F5FF5617546A} = {14B060A2-2D57-4FDA-8869-57A8FBF5783C}
		{AF82CE76-8F81-4816-B195-33B27E433655} = {14B060A2-2D57-4FDA-8869-57A8FBF5783C}
		{2C221D3B-5F54-4C5B-8082-318636415132} = {8B19DD6F-9BFB-45C4-BFEE-F5FF5617546A}
		{78FC0C9B-C5A9-4900-9A46-A8F544AC5343} = {8B19DD6F-9BFB-45C4-BFEE-F5FF5617546A}
		{A948A08D-C64D-4E01-BDAD-3BF4BDDD68B5} = {8B19DD6F-9BFB-45C4-BFEE-F5FF5617546A}
		{47853DCA-C058-42F4-B020-E9AC659C9204} = {8B19DD6F-9BFB-45C4-BFEE-F5FF5617546A}
		{71962F97-5E4B-465C-9A21-2153D31992CF} = {8B19DD6F-9BFB-45C4-BFEE-F5FF5617546A}
		{D37C09D8-2F18-4F0B-A4D3-7A12C124E070} = {8B19DD6F-9BFB-45C4-BFEE-F5FF5617546A}
		{9E8F8E84-8335-48E4-988C-D0C9F37927D6} = {8B19DD6F-9BFB-45C4-BFEE-F5FF5617546A}
		{2A2B16B2-3072-47C8-A9EF-254B87F94EE6} = {13D8409E-67C8-4E50-BA6E-243E0FFBDE2E}
		{14754E90-96E2-4C25-AB71-B946ADE21163} = {55698328-B079-4FC4-9CE5-88C6013F9952}
		{CCEABE39-97DF-4ABF-AE8F-72B0CE66EC84} = {55698328-B079-4FC4-9CE5-88C6013F9952}
		{CFEC2229-42DA-4D20-86E5-A35580197EC2} = {55698328-B079-4FC4-9CE5-88C6013F9952}
		{7A28A996-B52E-422D-B7EE-FC20B5C8C9D4} = {55698328-B079-4FC4-9CE5-88C6013F9952}
		{89714409-E64F-4439-909A-415867494D16} = {55698328-B079-4FC4-9CE5-88C6013F9952}
		{0C8B3E9F-3BA5-4F0C-A6F2-9436EC8314B5} = {55698328-B079-4FC4-9CE5-88C6013F9952}
		{CAB3BBE0-3BCD-4581-A2F0-C175CCBAC45F} = {AF82CE76-8F81-4816-B195-33B27E433655}
		{B333D942-7600-4191-80E3-923A6144DF4F} = {CAB3BBE0-3BCD-4581-A2F0-C175CCBAC45F}
		{5C377732-2DBC-43C2-B9E5-009BD460FCE9} = {CAB3BBE0-3BCD-4581-A2F0-C175CCBAC45F}
		{C543BB79-F01D-4FE6-89CB-A38BD8B255FD} = {CAB3BBE0-3BCD-4581-A2F0-C175CCBAC45F}
		{CE9FEA93-BE42-442B-A7FF-A53922099F64} = {CAB3BBE0-3BCD-4581-A2F0-C175CCBAC45F}
		{2A1CA060-4E83-440D-8CE3-0436748F33BB} = {CAB3BBE0-3BCD-4581-A2F0-C175CCBAC45F}
		{D1E31E85-0F7E-43BC-91E2-F9E544ECEBD5} = {9E8F8E84-8335-48E4-988C-D0C9F37927D6}
	EndGlobalSection
EndGlobal
