
Microsoft Visual Studio Solution File, Format Version 12.00
# Visual Studio 2012
Project("{2150E333-8FDC-42A3-9474-1A3956D46DE8}") = "Framework", "Framework", "{14B060A2-2D57-4FDA-8869-57A8FBF5783C}"
EndProject
Project("{FAE04EC0-301F-11D3-BF4B-00C04F79EFBC}") = "Abp.Core", "Framework\Abp.core\Abp.Core.csproj", "{B333D942-7600-4191-80E3-923A6144DF4F}"
EndProject
Project("{2150E333-8FDC-42A3-9474-1A3956D46DE8}") = "Data", "Data", "{409E6A10-FF7D-40D7-A4A3-E74AF6685437}"
EndProject
Project("{FAE04EC0-301F-11D3-BF4B-00C04F79EFBC}") = "Abp.Data.NHibernate", "Framework\Data\Abp.Data.NHibernate\Abp.Data.NHibernate.csproj", "{CE9FEA93-BE42-442B-A7FF-A53922099F64}"
EndProject
Project("{2150E333-8FDC-42A3-9474-1A3956D46DE8}") = ".nuget", ".nuget", "{C1434FA4-ED3F-4A7B-A0D3-8CBB900B1609}"
	ProjectSection(SolutionItems) = preProject
		.nuget\NuGet.Config = .nuget\NuGet.Config
		.nuget\NuGet.exe = .nuget\NuGet.exe
		.nuget\NuGet.targets = .nuget\NuGet.targets
	EndProjectSection
EndProject
Project("{2150E333-8FDC-42A3-9474-1A3956D46DE8}") = "ExamCenter", "ExamCenter", "{555CA95B-61A5-4483-996E-DABA8A2AB503}"
EndProject
Project("{FAE04EC0-301F-11D3-BF4B-00C04F79EFBC}") = "ExamCenter.Core", "ExamCenter\ExamCenter.Core\ExamCenter.Core.csproj", "{14754E90-96E2-4C25-AB71-B946ADE21163}"
EndProject
Project("{FAE04EC0-301F-11D3-BF4B-00C04F79EFBC}") = "ExamCenter.Data.NHibernate", "ExamCenter\ExamCenter.Data.NHibernate\ExamCenter.Data.NHibernate.csproj", "{89714409-E64F-4439-909A-415867494D16}"
EndProject
Project("{FAE04EC0-301F-11D3-BF4B-00C04F79EFBC}") = "Abp.Web", "Framework\Abp.Web\Abp.Web.csproj", "{71962F97-5E4B-465C-9A21-2153D31992CF}"
EndProject
Project("{2150E333-8FDC-42A3-9474-1A3956D46DE8}") = "Docs", "Docs", "{76AA2897-D756-415C-A0CB-D00E90061FFF}"
	ProjectSection(SolutionItems) = preProject
		Docs\Backlog.txt = Docs\Backlog.txt
		Docs\Tools.txt = Docs\Tools.txt
	EndProjectSection
EndProject
Project("{FAE04EC0-301F-11D3-BF4B-00C04F79EFBC}") = "ExamCenter.Localization", "ExamCenter\ExamCenter.Localization\ExamCenter.Localization.csproj", "{53E3C760-B365-4D43-8B70-70A34CF22ED0}"
EndProject
Project("{FAE04EC0-301F-11D3-BF4B-00C04F79EFBC}") = "ExamCenter.WebSpa", "ExamCenter\ExamCenter.WebSpa\ExamCenter.WebSpa.csproj", "{CCEABE39-97DF-4ABF-AE8F-72B0CE66EC84}"
EndProject
Project("{FAE04EC0-301F-11D3-BF4B-00C04F79EFBC}") = "Abp.Data.Migrations", "Framework\Abp.Data.Migrations\Abp.Data.Migrations.csproj", "{AA2B94C0-447E-461B-82F6-99FD34CFCB92}"
EndProject
Project("{FAE04EC0-301F-11D3-BF4B-00C04F79EFBC}") = "ExamCenter.Data.Migrations", "ExamCenter\ExamCenter.Data.Migrations\ExamCenter.Data.Migrations.csproj", "{48DC4477-3480-4DC9-A9A0-71D47A7514AB}"
EndProject
Global
	GlobalSection(SolutionConfigurationPlatforms) = preSolution
		Debug|Any CPU = Debug|Any CPU
		Release|Any CPU = Release|Any CPU
	EndGlobalSection
	GlobalSection(ProjectConfigurationPlatforms) = postSolution
		{B333D942-7600-4191-80E3-923A6144DF4F}.Debug|Any CPU.ActiveCfg = Debug|Any CPU
		{B333D942-7600-4191-80E3-923A6144DF4F}.Debug|Any CPU.Build.0 = Debug|Any CPU
		{B333D942-7600-4191-80E3-923A6144DF4F}.Release|Any CPU.ActiveCfg = Release|Any CPU
		{B333D942-7600-4191-80E3-923A6144DF4F}.Release|Any CPU.Build.0 = Release|Any CPU
		{CE9FEA93-BE42-442B-A7FF-A53922099F64}.Debug|Any CPU.ActiveCfg = Debug|Any CPU
		{CE9FEA93-BE42-442B-A7FF-A53922099F64}.Debug|Any CPU.Build.0 = Debug|Any CPU
		{CE9FEA93-BE42-442B-A7FF-A53922099F64}.Release|Any CPU.ActiveCfg = Release|Any CPU
		{CE9FEA93-BE42-442B-A7FF-A53922099F64}.Release|Any CPU.Build.0 = Release|Any CPU
		{14754E90-96E2-4C25-AB71-B946ADE21163}.Debug|Any CPU.ActiveCfg = Debug|Any CPU
		{14754E90-96E2-4C25-AB71-B946ADE21163}.Debug|Any CPU.Build.0 = Debug|Any CPU
		{14754E90-96E2-4C25-AB71-B946ADE21163}.Release|Any CPU.ActiveCfg = Release|Any CPU
		{14754E90-96E2-4C25-AB71-B946ADE21163}.Release|Any CPU.Build.0 = Release|Any CPU
		{89714409-E64F-4439-909A-415867494D16}.Debug|Any CPU.ActiveCfg = Debug|Any CPU
		{89714409-E64F-4439-909A-415867494D16}.Debug|Any CPU.Build.0 = Debug|Any CPU
		{89714409-E64F-4439-909A-415867494D16}.Release|Any CPU.ActiveCfg = Release|Any CPU
		{89714409-E64F-4439-909A-415867494D16}.Release|Any CPU.Build.0 = Release|Any CPU
		{71962F97-5E4B-465C-9A21-2153D31992CF}.Debug|Any CPU.ActiveCfg = Debug|Any CPU
		{71962F97-5E4B-465C-9A21-2153D31992CF}.Debug|Any CPU.Build.0 = Debug|Any CPU
		{71962F97-5E4B-465C-9A21-2153D31992CF}.Release|Any CPU.ActiveCfg = Release|Any CPU
		{71962F97-5E4B-465C-9A21-2153D31992CF}.Release|Any CPU.Build.0 = Release|Any CPU
		{53E3C760-B365-4D43-8B70-70A34CF22ED0}.Debug|Any CPU.ActiveCfg = Debug|Any CPU
		{53E3C760-B365-4D43-8B70-70A34CF22ED0}.Debug|Any CPU.Build.0 = Debug|Any CPU
		{53E3C760-B365-4D43-8B70-70A34CF22ED0}.Release|Any CPU.ActiveCfg = Release|Any CPU
		{53E3C760-B365-4D43-8B70-70A34CF22ED0}.Release|Any CPU.Build.0 = Release|Any CPU
		{CCEABE39-97DF-4ABF-AE8F-72B0CE66EC84}.Debug|Any CPU.ActiveCfg = Debug|Any CPU
		{CCEABE39-97DF-4ABF-AE8F-72B0CE66EC84}.Debug|Any CPU.Build.0 = Debug|Any CPU
		{CCEABE39-97DF-4ABF-AE8F-72B0CE66EC84}.Release|Any CPU.ActiveCfg = Release|Any CPU
		{CCEABE39-97DF-4ABF-AE8F-72B0CE66EC84}.Release|Any CPU.Build.0 = Release|Any CPU
		{AA2B94C0-447E-461B-82F6-99FD34CFCB92}.Debug|Any CPU.ActiveCfg = Debug|Any CPU
		{AA2B94C0-447E-461B-82F6-99FD34CFCB92}.Debug|Any CPU.Build.0 = Debug|Any CPU
		{AA2B94C0-447E-461B-82F6-99FD34CFCB92}.Release|Any CPU.ActiveCfg = Release|Any CPU
		{AA2B94C0-447E-461B-82F6-99FD34CFCB92}.Release|Any CPU.Build.0 = Release|Any CPU
		{48DC4477-3480-4DC9-A9A0-71D47A7514AB}.Debug|Any CPU.ActiveCfg = Debug|Any CPU
		{48DC4477-3480-4DC9-A9A0-71D47A7514AB}.Debug|Any CPU.Build.0 = Debug|Any CPU
		{48DC4477-3480-4DC9-A9A0-71D47A7514AB}.Release|Any CPU.ActiveCfg = Release|Any CPU
		{48DC4477-3480-4DC9-A9A0-71D47A7514AB}.Release|Any CPU.Build.0 = Release|Any CPU
	EndGlobalSection
	GlobalSection(SolutionProperties) = preSolution
		HideSolutionNode = FALSE
	EndGlobalSection
	GlobalSection(NestedProjects) = preSolution
		{B333D942-7600-4191-80E3-923A6144DF4F} = {14B060A2-2D57-4FDA-8869-57A8FBF5783C}
		{409E6A10-FF7D-40D7-A4A3-E74AF6685437} = {14B060A2-2D57-4FDA-8869-57A8FBF5783C}
		{71962F97-5E4B-465C-9A21-2153D31992CF} = {14B060A2-2D57-4FDA-8869-57A8FBF5783C}
		{AA2B94C0-447E-461B-82F6-99FD34CFCB92} = {14B060A2-2D57-4FDA-8869-57A8FBF5783C}
		{CE9FEA93-BE42-442B-A7FF-A53922099F64} = {409E6A10-FF7D-40D7-A4A3-E74AF6685437}
		{14754E90-96E2-4C25-AB71-B946ADE21163} = {555CA95B-61A5-4483-996E-DABA8A2AB503}
		{89714409-E64F-4439-909A-415867494D16} = {555CA95B-61A5-4483-996E-DABA8A2AB503}
		{53E3C760-B365-4D43-8B70-70A34CF22ED0} = {555CA95B-61A5-4483-996E-DABA8A2AB503}
		{CCEABE39-97DF-4ABF-AE8F-72B0CE66EC84} = {555CA95B-61A5-4483-996E-DABA8A2AB503}
		{48DC4477-3480-4DC9-A9A0-71D47A7514AB} = {555CA95B-61A5-4483-996E-DABA8A2AB503}
	EndGlobalSection
EndGlobal
